PODS:
  - LinqToObjectiveC (2.1.0)
  - objectiveflickr (2.0.4)
  - ReactiveCocoa (2.5):
    - ReactiveCocoa/UI (= 2.5)
  - ReactiveCocoa/Core (2.5):
    - ReactiveCocoa/no-arc
  - ReactiveCocoa/no-arc (2.5)
  - ReactiveCocoa/UI (2.5):
    - ReactiveCocoa/Core
  - SDWebImage (4.3.0):
    - SDWebImage/Core (= 4.3.0)
  - SDWebImage/Core (4.3.0)

DEPENDENCIES:
  - LinqToObjectiveC
  - objectiveflickr
  - ReactiveCocoa
  - SDWebImage

SPEC REPOS:
  https://github.com/CocoaPods/Specs.git:
    - LinqToObjectiveC
    - objectiveflickr
    - ReactiveCocoa
    - SDWebImage

SPEC CHECKSUMS:
  LinqToObjectiveC: f0e40c137a458b6b9725c4c7b6a575c0c72e3aec
  objectiveflickr: aed169dae1eb5a5550ca78f7efd7ccde2e4c26e5
  ReactiveCocoa: e2db045570aa97c695e7aa97c2bcab222ae51f4a
  SDWebImage: 6da6c8bca115addc4de8613362e1b15f66333825

PODFILE CHECKSUM: 9d9f36846c4a8a25ea3b217afe3cc5ca338e5788

COCOAPODS: 1.5.0.beta.1
