// !$*UTF8*$!
{
	archiveVersion = 1;
	classes = {
	};
	objectVersion = 46;
	objects = {

/* Begin PBXBuildFile section */
		388480031D8FC9760027D16E /* main.m in Sources */ = {isa = PBXBuildFile; fileRef = 388480021D8FC9760027D16E /* main.m */; };
		388480061D8FC9760027D16E /* AppDelegate.m in Sources */ = {isa = PBXBuildFile; fileRef = 388480051D8FC9760027D16E /* AppDelegate.m */; };
		388480091D8FC9760027D16E /* ViewController.m in Sources */ = {isa = PBXBuildFile; fileRef = 388480081D8FC9760027D16E /* ViewController.m */; };
		3884800C1D8FC9760027D16E /* Main.storyboard in Resources */ = {isa = PBXBuildFile; fileRef = 3884800A1D8FC9760027D16E /* Main.storyboard */; };
		3884800E1D8FC9760027D16E /* Assets.xcassets in Resources */ = {isa = PBXBuildFile; fileRef = 3884800D1D8FC9760027D16E /* Assets.xcassets */; };
		388480111D8FC9760027D16E /* LaunchScreen.storyboard in Resources */ = {isa = PBXBuildFile; fileRef = 3884800F1D8FC9760027D16E /* LaunchScreen.storyboard */; };
/* End PBXBuildFile section */

/* Begin PBXFileReference section */
		38847FFE1D8FC9760027D16E /* ddd.app */ = {isa = PBXFileReference; explicitFileType = wrapper.application; includeInIndex = 0; path = ddd.app; sourceTree = BUILT_PRODUCTS_DIR; };
		388480021D8FC9760027D16E /* main.m */ = {isa = PBXFileReference; lastKnownFileType = sourcecode.c.objc; path = main.m; sourceTree = "<group>"; };
		388480041D8FC9760027D16E /* AppDelegate.h */ = {isa = PBXFileReference; lastKnownFileType = sourcecode.c.h; path = AppDelegate.h; sourceTree = "<group>"; };
		388480051D8FC9760027D16E /* AppDelegate.m */ = {isa = PBXFileReference; lastKnownFileType = sourcecode.c.objc; path = AppDelegate.m; sourceTree = "<group>"; };
		388480071D8FC9760027D16E /* ViewController.h */ = {isa = PBXFileReference; lastKnownFileType = sourcecode.c.h; path = ViewController.h; sourceTree = "<group>"; };
		388480081D8FC9760027D16E /* ViewController.m */ = {isa = PBXFileReference; lastKnownFileType = sourcecode.c.objc; path = ViewController.m; sourceTree = "<group>"; };
		3884800B1D8FC9760027D16E /* Base */ = {isa = PBXFileReference; lastKnownFileType = file.storyboard; name = Base; path = Base.lproj/Main.storyboard; sourceTree = "<group>"; };
		3884800D1D8FC9760027D16E /* Assets.xcassets */ = {isa = PBXFileReference; lastKnownFileType = folder.assetcatalog; path = Assets.xcassets; sourceTree = "<group>"; };
		388480101D8FC9760027D16E /* Base */ = {isa = PBXFileReference; lastKnownFileType = file.storyboard; name = Base; path = Base.lproj/LaunchScreen.storyboard; sourceTree = "<group>"; };
		388480121D8FC9760027D16E /* Info.plist */ = {isa = PBXFileReference; lastKnownFileType = text.plist.xml; path = Info.plist; sourceTree = "<group>"; };
/* End PBXFileReference section */

/* Begin PBXFrameworksBuildPhase section */
		38847FFB1D8FC9760027D16E /* Frameworks */ = {
			isa = PBXFrameworksBuildPhase;
			buildActionMask = 2147483647;
			files = (
			);
			runOnlyForDeploymentPostprocessing = 0;
		};
/* End PBXFrameworksBuildPhase section */

/* Begin PBXGroup section */
		38847FF51D8FC9760027D16E = {
			isa = PBXGroup;
			children = (
				388480001D8FC9760027D16E /* ddd */,
				38847FFF1D8FC9760027D16E /* Products */,
			);
			sourceTree = "<group>";
		};
		38847FFF1D8FC9760027D16E /* Products */ = {
			isa = PBXGroup;
			children = (
				38847FFE1D8FC9760027D16E /* ddd.app */,
			);
			name = Products;
			sourceTree = "<group>";
		};
		388480001D8FC9760027D16E /* ddd */ = {
			isa = PBXGroup;
			children = (
				388480041D8FC9760027D16E /* AppDelegate.h */,
				388480051D8FC9760027D16E /* AppDelegate.m */,
				388480071D8FC9760027D16E /* ViewController.h */,
				388480081D8FC9760027D16E /* ViewController.m */,
				3884800A1D8FC9760027D16E /* Main.storyboard */,
				3884800D1D8FC9760027D16E /* Assets.xcassets */,
				3884800F1D8FC9760027D16E /* LaunchScreen.storyboard */,
				388480121D8FC9760027D16E /* Info.plist */,
				388480011D8FC9760027D16E /* Supporting Files */,
			);
			path = ddd;
			sourceTree = "<group>";
		};
		388480011D8FC9760027D16E /* Supporting Files */ = {
			isa = PBXGroup;
			children = (
				388480021D8FC9760027D16E /* main.m */,
			);
			name = "Supporting Files";
			sourceTree = "<group>";
		};
/* End PBXGroup section */

/* Begin PBXNativeTarget section */
		38847FFD1D8FC9760027D16E /* ddd */ = {
			isa = PBXNativeTarget;
			buildConfigurationList = 388480151D8FC9760027D16E /* Build configuration list for PBXNativeTarget "ddd" */;
			buildPhases = (
				38847FFA1D8FC9760027D16E /* Sources */,
				38847FFB1D8FC9760027D16E /* Frameworks */,
				38847FFC1D8FC9760027D16E /* Resources */,
			);
			buildRules = (
			);
			dependencies = (
			);
			name = ddd;
			productName = ddd;
			productReference = 38847FFE1D8FC9760027D16E /* ddd.app */;
			productType = "com.apple.product-type.application";
		};
/* End PBXNativeTarget section */

/* Begin PBXProject section */
		38847FF61D8FC9760027D16E /* Project object */ = {
			isa = PBXProject;
			attributes = {
				LastUpgradeCheck = 0800;
				ORGANIZATIONNAME = plum;
				TargetAttributes = {
					38847FFD1D8FC9760027D16E = {
						CreatedOnToolsVersion = 8.0;
						ProvisioningStyle = Automatic;
					};
				};
			};
			buildConfigurationList = 38847FF91D8FC9760027D16E /* Build configuration list for PBXProject "ddd" */;
			compatibilityVersion = "Xcode 3.2";
			developmentRegion = English;
			hasScannedForEncodings = 0;
			knownRegions = (
				en,
				Base,
			);
			mainGroup = 38847FF51D8FC9760027D16E;
			productRefGroup = 38847FFF1D8FC9760027D16E /* Products */;
			projectDirPath = "";
			projectRoot = "";
			targets = (
				38847FFD1D8FC9760027D16E /* ddd */,
			);
		};
/* End PBXProject section */

/* Begin PBXResourcesBuildPhase section */
		38847FFC1D8FC9760027D16E /* Resources */ = {
			isa = PBXResourcesBuildPhase;
			buildActionMask = 2147483647;
			files = (
				388480111D8FC9760027D16E /* LaunchScreen.storyboard in Resources */,
				3884800E1D8FC9760027D16E /* Assets.xcassets in Resources */,
				3884800C1D8FC9760027D16E /* Main.storyboard in Resources */,
			);
			runOnlyForDeploymentPostprocessing = 0;
		};
/* End PBXResourcesBuildPhase section */

/* Begin PBXSourcesBuildPhase section */
		38847FFA1D8FC9760027D16E /* Sources */ = {
			isa = PBXSourcesBuildPhase;
			buildActionMask = 2147483647;
			files = (
				388480091D8FC9760027D16E /* ViewController.m in Sources */,
				388480061D8FC9760027D16E /* AppDelegate.m in Sources */,
				388480031D8FC9760027D16E /* main.m in Sources */,
			);
			runOnlyForDeploymentPostprocessing = 0;
		};
/* End PBXSourcesBuildPhase section */

/* Begin PBXVariantGroup section */
		3884800A1D8FC9760027D16E /* Main.storyboard */ = {
			isa = PBXVariantGroup;
			children = (
				3884800B1D8FC9760027D16E /* Base */,
			);
			name = Main.storyboard;
			sourceTree = "<group>";
		};
		3884800F1D8FC9760027D16E /* LaunchScreen.storyboard */ = {
			isa = PBXVariantGroup;
			children = (
				388480101D8FC9760027D16E /* Base */,
			);
			name = LaunchScreen.storyboard;
			sourceTree = "<group>";
		};
/* End PBXVariantGroup section */

/* Begin XCBuildConfiguration section */
		388480131D8FC9760027D16E /* Debug */ = {
			isa = XCBuildConfiguration;
			buildSettings = {
				ALWAYS_SEARCH_USER_PATHS = NO;
				CLANG_ANALYZER_NONNULL = YES;
				CLANG_CXX_LANGUAGE_STANDARD = "gnu++0x";
				CLANG_CXX_LIBRARY = "libc++";
				CLANG_ENABLE_MODULES = YES;
				CLANG_ENABLE_OBJC_ARC = YES;
				CLANG_WARN_BOOL_CONVERSION = YES;
				CLANG_WARN_CONSTANT_CONVERSION = YES;
				CLANG_WARN_DIRECT_OBJC_ISA_USAGE = YES_ERROR;
				CLANG_WARN_DOCUMENTATION_COMMENTS = YES;
				CLANG_WARN_EMPTY_BODY = YES;
				CLANG_WARN_ENUM_CONVERSION = YES;
				CLANG_WARN_INFINITE_RECURSION = YES;
				CLANG_WARN_INT_CONVERSION = YES;
				CLANG_WARN_OBJC_ROOT_CLASS = YES_ERROR;
				CLANG_WARN_SUSPICIOUS_MOVES = YES;
				CLANG_WARN_UNREACHABLE_CODE = YES;
				CLANG_WARN__DUPLICATE_METHOD_MATCH = YES;
				"CODE_SIGN_IDENTITY[sdk=iphoneos*]" = "iPhone Developer";
				COPY_PHASE_STRIP = NO;
				DEBUG_INFORMATION_FORMAT = dwarf;
				ENABLE_STRICT_OBJC_MSGSEND = YES;
				ENABLE_TESTABILITY = YES;
				GCC_C_LANGUAGE_STANDARD = gnu99;
				GCC_DYNAMIC_NO_PIC = NO;
				GCC_NO_COMMON_BLOCKS = YES;
				GCC_OPTIMIZATION_LEVEL = 0;
				GCC_PREPROCESSOR_DEFINITIONS = (
					"DEBUG=1",
					"$(inherited)",
				);
				GCC_WARN_64_TO_32_BIT_CONVERSION = YES;
				GCC_WARN_ABOUT_RETURN_TYPE = YES_ERROR;
				GCC_WARN_UNDECLARED_SELECTOR = YES;
				GCC_WARN_UNINITIALIZED_AUTOS = YES_AGGRESSIVE;
				GCC_WARN_UNUSED_FUNCTION = YES;
				GCC_WARN_UNUSED_VARIABLE = YES;
				IPHONEOS_DEPLOYMENT_TARGET = 10.0;
				MTL_ENABLE_DEBUG_INFO = YES;
				ONLY_ACTIVE_ARCH = YES;
				SDKROOT = iphoneos;
			};
			name = Debug;
		};
		388480141D8FC9760027D16E /* Release */ = {
			isa = XCBuildConfiguration;
			buildSettings = {
				ALWAYS_SEARCH_USER_PATHS = NO;
				CLANG_ANALYZER_NONNULL = YES;
				CLANG_CXX_LANGUAGE_STANDARD = "gnu++0x";
				CLANG_CXX_LIBRARY = "libc++";
				CLANG_ENABLE_MODULES = YES;
				CLANG_ENABLE_OBJC_ARC = YES;
				CLANG_WARN_BOOL_CONVERSION = YES;
				CLANG_WARN_CONSTANT_CONVERSION = YES;
				CLANG_WARN_DIRECT_OBJC_ISA_USAGE = YES_ERROR;
				CLANG_WARN_DOCUMENTATION_COMMENTS = YES;
				CLANG_WARN_EMPTY_BODY = YES;
				CLANG_WARN_ENUM_CONVERSION = YES;
				CLANG_WARN_INFINITE_RECURSION = YES;
				CLANG_WARN_INT_CONVERSION = YES;
				CLANG_WARN_OBJC_ROOT_CLASS = YES_ERROR;
				CLANG_WARN_SUSPICIOUS_MOVES = YES;
				CLANG_WARN_UNREACHABLE_CODE = YES;
				CLANG_WARN__DUPLICATE_METHOD_MATCH = YES;
				"CODE_SIGN_IDENTITY[sdk=iphoneos*]" = "iPhone Developer";
				COPY_PHASE_STRIP = NO;
				DEBUG_INFORMATION_FORMAT = "dwarf-with-dsym";
				ENABLE_NS_ASSERTIONS = NO;
				ENABLE_STRICT_OBJC_MSGSEND = YES;
				GCC_C_LANGUAGE_STANDARD = gnu99;
				GCC_NO_COMMON_BLOCKS = YES;
				GCC_WARN_64_TO_32_BIT_CONVERSION = YES;
				GCC_WARN_ABOUT_RETURN_TYPE = YES_ERROR;
				GCC_WARN_UNDECLARED_SELECTOR = YES;
				GCC_WARN_UNINITIALIZED_AUTOS = YES_AGGRESSIVE;
				GCC_WARN_UNUSED_FUNCTION = YES;
				GCC_WARN_UNUSED_VARIABLE = YES;
				IPHONEOS_DEPLOYMENT_TARGET = 10.0;
				MTL_ENABLE_DEBUG_INFO = NO;
				SDKROOT = iphoneos;
				VALIDATE_PRODUCT = YES;
			};
			name = Release;
		};
		388480161D8FC9760027D16E /* Debug */ = {
			isa = XCBuildConfiguration;
			buildSettings = {
				ASSETCATALOG_COMPILER_APPICON_NAME = AppIcon;
				INFOPLIST_FILE = ddd/Info.plist;
				LD_RUNPATH_SEARCH_PATHS = "$(inherited) @executable_path/Frameworks";
				PRODUCT_BUNDLE_IDENTIFIER = com.anzogame.ddd;
				PRODUCT_NAME = "$(TARGET_NAME)";
			};
			name = Debug;
		};
		388480171D8FC9760027D16E /* Release */ = {
			isa = XCBuildConfiguration;
			buildSettings = {
				ASSETCATALOG_COMPILER_APPICON_NAME = AppIcon;
				INFOPLIST_FILE = ddd/Info.plist;
				LD_RUNPATH_SEARCH_PATHS = "$(inherited) @executable_path/Frameworks";
				PRODUCT_BUNDLE_IDENTIFIER = com.anzogame.ddd;
				PRODUCT_NAME = "$(TARGET_NAME)";
			};
			name = Release;
		};
/* End XCBuildConfiguration section */

/* Begin XCConfigurationList section */
		38847FF91D8FC9760027D16E /* Build configuration list for PBXProject "ddd" */ = {
			isa = XCConfigurationList;
			buildConfigurations = (
				388480131D8FC9760027D16E /* Debug */,
				388480141D8FC9760027D16E /* Release */,
			);
			defaultConfigurationIsVisible = 0;
			defaultConfigurationName = Release;
		};
		388480151D8FC9760027D16E /* Build configuration list for PBXNativeTarget "ddd" */ = {
			isa = XCConfigurationList;
			buildConfigurations = (
				388480161D8FC9760027D16E /* Debug */,
				388480171D8FC9760027D16E /* Release */,
			);
			defaultConfigurationIsVisible = 0;
		};
/* End XCConfigurationList section */
	};
	rootObject = 38847FF61D8FC9760027D16E /* Project object */;
}
