// !$*UTF8*$!
{
	archiveVersion = 1;
	classes = {
	};
	objectVersion = 46;
	objects = {

/* Begin PBXBuildFile section */
		381175C0606D760E3B04DBD3 /* libPods.a in Frameworks */ = {isa = PBXBuildFile; fileRef = AD930AE3D2942FC85B884EED /* libPods.a */; };
		3820DB061CFEAF3F000A8A5F /* LBSelector.m in Sources */ = {isa = PBXBuildFile; fileRef = 3820DB051CFEAF3F000A8A5F /* LBSelector.m */; };
		382828F21CFFE65B003224E5 /* EquipForHeroView.m in Sources */ = {isa = PBXBuildFile; fileRef = 382828F11CFFE65B003224E5 /* EquipForHeroView.m */; };
		382828F41CFFE678003224E5 /* EquipForHeroView.xib in Resources */ = {isa = PBXBuildFile; fileRef = 382828F31CFFE678003224E5 /* EquipForHeroView.xib */; };
		38EA81DE1CFD641D002C2C43 /* main.m in Sources */ = {isa = PBXBuildFile; fileRef = 38EA81DD1CFD641D002C2C43 /* main.m */; };
		38EA81E11CFD641D002C2C43 /* AppDelegate.m in Sources */ = {isa = PBXBuildFile; fileRef = 38EA81E01CFD641D002C2C43 /* AppDelegate.m */; };
		38EA81E41CFD641D002C2C43 /* ViewController.m in Sources */ = {isa = PBXBuildFile; fileRef = 38EA81E31CFD641D002C2C43 /* ViewController.m */; };
		38EA81E71CFD641D002C2C43 /* Main.storyboard in Resources */ = {isa = PBXBuildFile; fileRef = 38EA81E51CFD641D002C2C43 /* Main.storyboard */; };
		38EA81E91CFD641D002C2C43 /* Assets.xcassets in Resources */ = {isa = PBXBuildFile; fileRef = 38EA81E81CFD641D002C2C43 /* Assets.xcassets */; };
		38EA81EC1CFD641D002C2C43 /* LaunchScreen.storyboard in Resources */ = {isa = PBXBuildFile; fileRef = 38EA81EA1CFD641D002C2C43 /* LaunchScreen.storyboard */; };
		38FBCBE71CFED9B40081DC8A /* 下拉_默认@2x.png in Resources */ = {isa = PBXBuildFile; fileRef = 38FBCBE31CFED9B40081DC8A /* 下拉_默认@2x.png */; };
		38FBCBE81CFED9B40081DC8A /* 下拉_默认@3x.png in Resources */ = {isa = PBXBuildFile; fileRef = 38FBCBE41CFED9B40081DC8A /* 下拉_默认@3x.png */; };
		38FBCBE91CFED9B40081DC8A /* 下拉_选中@2x.png in Resources */ = {isa = PBXBuildFile; fileRef = 38FBCBE51CFED9B40081DC8A /* 下拉_选中@2x.png */; };
		38FBCBEA1CFED9B40081DC8A /* 下拉_选中@3x.png in Resources */ = {isa = PBXBuildFile; fileRef = 38FBCBE61CFED9B40081DC8A /* 下拉_选中@3x.png */; };
/* End PBXBuildFile section */

/* Begin PBXFileReference section */
		03D29D2BFDC041F83141F24E /* Pods.release.xcconfig */ = {isa = PBXFileReference; includeInIndex = 1; lastKnownFileType = text.xcconfig; name = Pods.release.xcconfig; path = "Pods/Target Support Files/Pods/Pods.release.xcconfig"; sourceTree = "<group>"; };
		3820DB041CFEAF3F000A8A5F /* LBSelector.h */ = {isa = PBXFileReference; fileEncoding = 4; lastKnownFileType = sourcecode.c.h; path = LBSelector.h; sourceTree = "<group>"; };
		3820DB051CFEAF3F000A8A5F /* LBSelector.m */ = {isa = PBXFileReference; fileEncoding = 4; lastKnownFileType = sourcecode.c.objc; path = LBSelector.m; sourceTree = "<group>"; };
		382828F01CFFE65B003224E5 /* EquipForHeroView.h */ = {isa = PBXFileReference; fileEncoding = 4; lastKnownFileType = sourcecode.c.h; path = EquipForHeroView.h; sourceTree = "<group>"; };
		382828F11CFFE65B003224E5 /* EquipForHeroView.m */ = {isa = PBXFileReference; fileEncoding = 4; lastKnownFileType = sourcecode.c.objc; path = EquipForHeroView.m; sourceTree = "<group>"; };
		382828F31CFFE678003224E5 /* EquipForHeroView.xib */ = {isa = PBXFileReference; fileEncoding = 4; lastKnownFileType = file.xib; path = EquipForHeroView.xib; sourceTree = "<group>"; };
		38EA81D91CFD641D002C2C43 /* LBSelector.app */ = {isa = PBXFileReference; explicitFileType = wrapper.application; includeInIndex = 0; path = LBSelector.app; sourceTree = BUILT_PRODUCTS_DIR; };
		38EA81DD1CFD641D002C2C43 /* main.m */ = {isa = PBXFileReference; lastKnownFileType = sourcecode.c.objc; path = main.m; sourceTree = "<group>"; };
		38EA81DF1CFD641D002C2C43 /* AppDelegate.h */ = {isa = PBXFileReference; lastKnownFileType = sourcecode.c.h; path = AppDelegate.h; sourceTree = "<group>"; };
		38EA81E01CFD641D002C2C43 /* AppDelegate.m */ = {isa = PBXFileReference; lastKnownFileType = sourcecode.c.objc; path = AppDelegate.m; sourceTree = "<group>"; };
		38EA81E21CFD641D002C2C43 /* ViewController.h */ = {isa = PBXFileReference; lastKnownFileType = sourcecode.c.h; path = ViewController.h; sourceTree = "<group>"; };
		38EA81E31CFD641D002C2C43 /* ViewController.m */ = {isa = PBXFileReference; lastKnownFileType = sourcecode.c.objc; path = ViewController.m; sourceTree = "<group>"; };
		38EA81E61CFD641D002C2C43 /* Base */ = {isa = PBXFileReference; lastKnownFileType = file.storyboard; name = Base; path = Base.lproj/Main.storyboard; sourceTree = "<group>"; };
		38EA81E81CFD641D002C2C43 /* Assets.xcassets */ = {isa = PBXFileReference; lastKnownFileType = folder.assetcatalog; path = Assets.xcassets; sourceTree = "<group>"; };
		38EA81EB1CFD641D002C2C43 /* Base */ = {isa = PBXFileReference; lastKnownFileType = file.storyboard; name = Base; path = Base.lproj/LaunchScreen.storyboard; sourceTree = "<group>"; };
		38EA81ED1CFD641D002C2C43 /* Info.plist */ = {isa = PBXFileReference; lastKnownFileType = text.plist.xml; path = Info.plist; sourceTree = "<group>"; };
		38FBCBE31CFED9B40081DC8A /* 下拉_默认@2x.png */ = {isa = PBXFileReference; lastKnownFileType = image.png; path = "下拉_默认@2x.png"; sourceTree = "<group>"; };
		38FBCBE41CFED9B40081DC8A /* 下拉_默认@3x.png */ = {isa = PBXFileReference; lastKnownFileType = image.png; path = "下拉_默认@3x.png"; sourceTree = "<group>"; };
		38FBCBE51CFED9B40081DC8A /* 下拉_选中@2x.png */ = {isa = PBXFileReference; lastKnownFileType = image.png; path = "下拉_选中@2x.png"; sourceTree = "<group>"; };
		38FBCBE61CFED9B40081DC8A /* 下拉_选中@3x.png */ = {isa = PBXFileReference; lastKnownFileType = image.png; path = "下拉_选中@3x.png"; sourceTree = "<group>"; };
		AD930AE3D2942FC85B884EED /* libPods.a */ = {isa = PBXFileReference; explicitFileType = archive.ar; includeInIndex = 0; path = libPods.a; sourceTree = BUILT_PRODUCTS_DIR; };
		F0001C54BCB457D02C11B180 /* Pods.debug.xcconfig */ = {isa = PBXFileReference; includeInIndex = 1; lastKnownFileType = text.xcconfig; name = Pods.debug.xcconfig; path = "Pods/Target Support Files/Pods/Pods.debug.xcconfig"; sourceTree = "<group>"; };
/* End PBXFileReference section */

/* Begin PBXFrameworksBuildPhase section */
		38EA81D61CFD641D002C2C43 /* Frameworks */ = {
			isa = PBXFrameworksBuildPhase;
			buildActionMask = 2147483647;
			files = (
				381175C0606D760E3B04DBD3 /* libPods.a in Frameworks */,
			);
			runOnlyForDeploymentPostprocessing = 0;
		};
/* End PBXFrameworksBuildPhase section */

/* Begin PBXGroup section */
		38EA81D01CFD641D002C2C43 = {
			isa = PBXGroup;
			children = (
				38EA81DB1CFD641D002C2C43 /* LBSelector */,
				38EA81DA1CFD641D002C2C43 /* Products */,
				C76BC1A371E7CA2543B7FF50 /* Pods */,
				E9CEC7A63CD9C5BA22D52447 /* Frameworks */,
			);
			sourceTree = "<group>";
		};
		38EA81DA1CFD641D002C2C43 /* Products */ = {
			isa = PBXGroup;
			children = (
				38EA81D91CFD641D002C2C43 /* LBSelector.app */,
			);
			name = Products;
			sourceTree = "<group>";
		};
		38EA81DB1CFD641D002C2C43 /* LBSelector */ = {
			isa = PBXGroup;
			children = (
				38EA81DF1CFD641D002C2C43 /* AppDelegate.h */,
				38FBCBE31CFED9B40081DC8A /* 下拉_默认@2x.png */,
				38FBCBE41CFED9B40081DC8A /* 下拉_默认@3x.png */,
				38FBCBE51CFED9B40081DC8A /* 下拉_选中@2x.png */,
				38FBCBE61CFED9B40081DC8A /* 下拉_选中@3x.png */,
				38EA81E01CFD641D002C2C43 /* AppDelegate.m */,
				38EA81E21CFD641D002C2C43 /* ViewController.h */,
				38EA81E31CFD641D002C2C43 /* ViewController.m */,
				38EA81E51CFD641D002C2C43 /* Main.storyboard */,
				38EA81E81CFD641D002C2C43 /* Assets.xcassets */,
				38EA81EA1CFD641D002C2C43 /* LaunchScreen.storyboard */,
				38EA81ED1CFD641D002C2C43 /* Info.plist */,
				38EA81DC1CFD641D002C2C43 /* Supporting Files */,
				3820DB041CFEAF3F000A8A5F /* LBSelector.h */,
				3820DB051CFEAF3F000A8A5F /* LBSelector.m */,
				382828F01CFFE65B003224E5 /* EquipForHeroView.h */,
				382828F11CFFE65B003224E5 /* EquipForHeroView.m */,
				382828F31CFFE678003224E5 /* EquipForHeroView.xib */,
			);
			path = LBSelector;
			sourceTree = "<group>";
		};
		38EA81DC1CFD641D002C2C43 /* Supporting Files */ = {
			isa = PBXGroup;
			children = (
				38EA81DD1CFD641D002C2C43 /* main.m */,
			);
			name = "Supporting Files";
			sourceTree = "<group>";
		};
		C76BC1A371E7CA2543B7FF50 /* Pods */ = {
			isa = PBXGroup;
			children = (
				F0001C54BCB457D02C11B180 /* Pods.debug.xcconfig */,
				03D29D2BFDC041F83141F24E /* Pods.release.xcconfig */,
			);
			name = Pods;
			sourceTree = "<group>";
		};
		E9CEC7A63CD9C5BA22D52447 /* Frameworks */ = {
			isa = PBXGroup;
			children = (
				AD930AE3D2942FC85B884EED /* libPods.a */,
			);
			name = Frameworks;
			sourceTree = "<group>";
		};
/* End PBXGroup section */

/* Begin PBXNativeTarget section */
		38EA81D81CFD641D002C2C43 /* LBSelector */ = {
			isa = PBXNativeTarget;
			buildConfigurationList = 38EA81F01CFD641D002C2C43 /* Build configuration list for PBXNativeTarget "LBSelector" */;
			buildPhases = (
				455FFD0F71893D678BE59325 /* Check Pods Manifest.lock */,
				38EA81D51CFD641D002C2C43 /* Sources */,
				38EA81D61CFD641D002C2C43 /* Frameworks */,
				38EA81D71CFD641D002C2C43 /* Resources */,
				E5155E6D0084D88A67BA25CF /* Embed Pods Frameworks */,
				7E4716675DB5A694427FE6BF /* Copy Pods Resources */,
			);
			buildRules = (
			);
			dependencies = (
			);
			name = LBSelector;
			productName = LBSelector;
			productReference = 38EA81D91CFD641D002C2C43 /* LBSelector.app */;
			productType = "com.apple.product-type.application";
		};
/* End PBXNativeTarget section */

/* Begin PBXProject section */
		38EA81D11CFD641D002C2C43 /* Project object */ = {
			isa = PBXProject;
			attributes = {
				LastUpgradeCheck = 0730;
				ORGANIZATIONNAME = plum;
				TargetAttributes = {
					38EA81D81CFD641D002C2C43 = {
						CreatedOnToolsVersion = 7.3;
					};
				};
			};
			buildConfigurationList = 38EA81D41CFD641D002C2C43 /* Build configuration list for PBXProject "LBSelector" */;
			compatibilityVersion = "Xcode 3.2";
			developmentRegion = English;
			hasScannedForEncodings = 0;
			knownRegions = (
				en,
				Base,
			);
			mainGroup = 38EA81D01CFD641D002C2C43;
			productRefGroup = 38EA81DA1CFD641D002C2C43 /* Products */;
			projectDirPath = "";
			projectRoot = "";
			targets = (
				38EA81D81CFD641D002C2C43 /* LBSelector */,
			);
		};
/* End PBXProject section */

/* Begin PBXResourcesBuildPhase section */
		38EA81D71CFD641D002C2C43 /* Resources */ = {
			isa = PBXResourcesBuildPhase;
			buildActionMask = 2147483647;
			files = (
				38FBCBEA1CFED9B40081DC8A /* 下拉_选中@3x.png in Resources */,
				382828F41CFFE678003224E5 /* EquipForHeroView.xib in Resources */,
				38FBCBE81CFED9B40081DC8A /* 下拉_默认@3x.png in Resources */,
				38FBCBE71CFED9B40081DC8A /* 下拉_默认@2x.png in Resources */,
				38EA81EC1CFD641D002C2C43 /* LaunchScreen.storyboard in Resources */,
				38EA81E91CFD641D002C2C43 /* Assets.xcassets in Resources */,
				38FBCBE91CFED9B40081DC8A /* 下拉_选中@2x.png in Resources */,
				38EA81E71CFD641D002C2C43 /* Main.storyboard in Resources */,
			);
			runOnlyForDeploymentPostprocessing = 0;
		};
/* End PBXResourcesBuildPhase section */

/* Begin PBXShellScriptBuildPhase section */
		455FFD0F71893D678BE59325 /* Check Pods Manifest.lock */ = {
			isa = PBXShellScriptBuildPhase;
			buildActionMask = 2147483647;
			files = (
			);
			inputPaths = (
			);
			name = "Check Pods Manifest.lock";
			outputPaths = (
			);
			runOnlyForDeploymentPostprocessing = 0;
			shellPath = /bin/sh;
			shellScript = "diff \"${PODS_ROOT}/../Podfile.lock\" \"${PODS_ROOT}/Manifest.lock\" > /dev/null\nif [[ $? != 0 ]] ; then\n    cat << EOM\nerror: The sandbox is not in sync with the Podfile.lock. Run 'pod install' or update your CocoaPods installation.\nEOM\n    exit 1\nfi\n";
			showEnvVarsInLog = 0;
		};
		7E4716675DB5A694427FE6BF /* Copy Pods Resources */ = {
			isa = PBXShellScriptBuildPhase;
			buildActionMask = 2147483647;
			files = (
			);
			inputPaths = (
			);
			name = "Copy Pods Resources";
			outputPaths = (
			);
			runOnlyForDeploymentPostprocessing = 0;
			shellPath = /bin/sh;
			shellScript = "\"${SRCROOT}/Pods/Target Support Files/Pods/Pods-resources.sh\"\n";
			showEnvVarsInLog = 0;
		};
		E5155E6D0084D88A67BA25CF /* Embed Pods Frameworks */ = {
			isa = PBXShellScriptBuildPhase;
			buildActionMask = 2147483647;
			files = (
			);
			inputPaths = (
			);
			name = "Embed Pods Frameworks";
			outputPaths = (
			);
			runOnlyForDeploymentPostprocessing = 0;
			shellPath = /bin/sh;
			shellScript = "\"${SRCROOT}/Pods/Target Support Files/Pods/Pods-frameworks.sh\"\n";
			showEnvVarsInLog = 0;
		};
/* End PBXShellScriptBuildPhase section */

/* Begin PBXSourcesBuildPhase section */
		38EA81D51CFD641D002C2C43 /* Sources */ = {
			isa = PBXSourcesBuildPhase;
			buildActionMask = 2147483647;
			files = (
				38EA81E41CFD641D002C2C43 /* ViewController.m in Sources */,
				382828F21CFFE65B003224E5 /* EquipForHeroView.m in Sources */,
				38EA81E11CFD641D002C2C43 /* AppDelegate.m in Sources */,
				3820DB061CFEAF3F000A8A5F /* LBSelector.m in Sources */,
				38EA81DE1CFD641D002C2C43 /* main.m in Sources */,
			);
			runOnlyForDeploymentPostprocessing = 0;
		};
/* End PBXSourcesBuildPhase section */

/* Begin PBXVariantGroup section */
		38EA81E51CFD641D002C2C43 /* Main.storyboard */ = {
			isa = PBXVariantGroup;
			children = (
				38EA81E61CFD641D002C2C43 /* Base */,
			);
			name = Main.storyboard;
			sourceTree = "<group>";
		};
		38EA81EA1CFD641D002C2C43 /* LaunchScreen.storyboard */ = {
			isa = PBXVariantGroup;
			children = (
				38EA81EB1CFD641D002C2C43 /* Base */,
			);
			name = LaunchScreen.storyboard;
			sourceTree = "<group>";
		};
/* End PBXVariantGroup section */

/* Begin XCBuildConfiguration section */
		38EA81EE1CFD641D002C2C43 /* Debug */ = {
			isa = XCBuildConfiguration;
			buildSettings = {
				ALWAYS_SEARCH_USER_PATHS = NO;
				CLANG_ANALYZER_NONNULL = YES;
				CLANG_CXX_LANGUAGE_STANDARD = "gnu++0x";
				CLANG_CXX_LIBRARY = "libc++";
				CLANG_ENABLE_MODULES = YES;
				CLANG_ENABLE_OBJC_ARC = YES;
				CLANG_WARN_BOOL_CONVERSION = YES;
				CLANG_WARN_CONSTANT_CONVERSION = YES;
				CLANG_WARN_DIRECT_OBJC_ISA_USAGE = YES_ERROR;
				CLANG_WARN_EMPTY_BODY = YES;
				CLANG_WARN_ENUM_CONVERSION = YES;
				CLANG_WARN_INT_CONVERSION = YES;
				CLANG_WARN_OBJC_ROOT_CLASS = YES_ERROR;
				CLANG_WARN_UNREACHABLE_CODE = YES;
				CLANG_WARN__DUPLICATE_METHOD_MATCH = YES;
				"CODE_SIGN_IDENTITY[sdk=iphoneos*]" = "iPhone Developer";
				COPY_PHASE_STRIP = NO;
				DEBUG_INFORMATION_FORMAT = dwarf;
				ENABLE_STRICT_OBJC_MSGSEND = YES;
				ENABLE_TESTABILITY = YES;
				GCC_C_LANGUAGE_STANDARD = gnu99;
				GCC_DYNAMIC_NO_PIC = NO;
				GCC_NO_COMMON_BLOCKS = YES;
				GCC_OPTIMIZATION_LEVEL = 0;
				GCC_PREPROCESSOR_DEFINITIONS = (
					"DEBUG=1",
					"$(inherited)",
				);
				GCC_WARN_64_TO_32_BIT_CONVERSION = YES;
				GCC_WARN_ABOUT_RETURN_TYPE = YES_ERROR;
				GCC_WARN_UNDECLARED_SELECTOR = YES;
				GCC_WARN_UNINITIALIZED_AUTOS = YES_AGGRESSIVE;
				GCC_WARN_UNUSED_FUNCTION = YES;
				GCC_WARN_UNUSED_VARIABLE = YES;
				IPHONEOS_DEPLOYMENT_TARGET = 9.3;
				MTL_ENABLE_DEBUG_INFO = YES;
				ONLY_ACTIVE_ARCH = YES;
				SDKROOT = iphoneos;
				TARGETED_DEVICE_FAMILY = "1,2";
			};
			name = Debug;
		};
		38EA81EF1CFD641D002C2C43 /* Release */ = {
			isa = XCBuildConfiguration;
			buildSettings = {
				ALWAYS_SEARCH_USER_PATHS = NO;
				CLANG_ANALYZER_NONNULL = YES;
				CLANG_CXX_LANGUAGE_STANDARD = "gnu++0x";
				CLANG_CXX_LIBRARY = "libc++";
				CLANG_ENABLE_MODULES = YES;
				CLANG_ENABLE_OBJC_ARC = YES;
				CLANG_WARN_BOOL_CONVERSION = YES;
				CLANG_WARN_CONSTANT_CONVERSION = YES;
				CLANG_WARN_DIRECT_OBJC_ISA_USAGE = YES_ERROR;
				CLANG_WARN_EMPTY_BODY = YES;
				CLANG_WARN_ENUM_CONVERSION = YES;
				CLANG_WARN_INT_CONVERSION = YES;
				CLANG_WARN_OBJC_ROOT_CLASS = YES_ERROR;
				CLANG_WARN_UNREACHABLE_CODE = YES;
				CLANG_WARN__DUPLICATE_METHOD_MATCH = YES;
				"CODE_SIGN_IDENTITY[sdk=iphoneos*]" = "iPhone Developer";
				COPY_PHASE_STRIP = NO;
				DEBUG_INFORMATION_FORMAT = "dwarf-with-dsym";
				ENABLE_NS_ASSERTIONS = NO;
				ENABLE_STRICT_OBJC_MSGSEND = YES;
				GCC_C_LANGUAGE_STANDARD = gnu99;
				GCC_NO_COMMON_BLOCKS = YES;
				GCC_WARN_64_TO_32_BIT_CONVERSION = YES;
				GCC_WARN_ABOUT_RETURN_TYPE = YES_ERROR;
				GCC_WARN_UNDECLARED_SELECTOR = YES;
				GCC_WARN_UNINITIALIZED_AUTOS = YES_AGGRESSIVE;
				GCC_WARN_UNUSED_FUNCTION = YES;
				GCC_WARN_UNUSED_VARIABLE = YES;
				IPHONEOS_DEPLOYMENT_TARGET = 9.3;
				MTL_ENABLE_DEBUG_INFO = NO;
				SDKROOT = iphoneos;
				TARGETED_DEVICE_FAMILY = "1,2";
				VALIDATE_PRODUCT = YES;
			};
			name = Release;
		};
		38EA81F11CFD641D002C2C43 /* Debug */ = {
			isa = XCBuildConfiguration;
			baseConfigurationReference = F0001C54BCB457D02C11B180 /* Pods.debug.xcconfig */;
			buildSettings = {
				ASSETCATALOG_COMPILER_APPICON_NAME = AppIcon;
				INFOPLIST_FILE = LBSelector/Info.plist;
				LD_RUNPATH_SEARCH_PATHS = "$(inherited) @executable_path/Frameworks";
				PRODUCT_BUNDLE_IDENTIFIER = com.anzogame.LBSelector;
				PRODUCT_NAME = "$(TARGET_NAME)";
			};
			name = Debug;
		};
		38EA81F21CFD641D002C2C43 /* Release */ = {
			isa = XCBuildConfiguration;
			baseConfigurationReference = 03D29D2BFDC041F83141F24E /* Pods.release.xcconfig */;
			buildSettings = {
				ASSETCATALOG_COMPILER_APPICON_NAME = AppIcon;
				INFOPLIST_FILE = LBSelector/Info.plist;
				LD_RUNPATH_SEARCH_PATHS = "$(inherited) @executable_path/Frameworks";
				PRODUCT_BUNDLE_IDENTIFIER = com.anzogame.LBSelector;
				PRODUCT_NAME = "$(TARGET_NAME)";
			};
			name = Release;
		};
/* End XCBuildConfiguration section */

/* Begin XCConfigurationList section */
		38EA81D41CFD641D002C2C43 /* Build configuration list for PBXProject "LBSelector" */ = {
			isa = XCConfigurationList;
			buildConfigurations = (
				38EA81EE1CFD641D002C2C43 /* Debug */,
				38EA81EF1CFD641D002C2C43 /* Release */,
			);
			defaultConfigurationIsVisible = 0;
			defaultConfigurationName = Release;
		};
		38EA81F01CFD641D002C2C43 /* Build configuration list for PBXNativeTarget "LBSelector" */ = {
			isa = XCConfigurationList;
			buildConfigurations = (
				38EA81F11CFD641D002C2C43 /* Debug */,
				38EA81F21CFD641D002C2C43 /* Release */,
			);
			defaultConfigurationIsVisible = 0;
			defaultConfigurationName = Release;
		};
/* End XCConfigurationList section */
	};
	rootObject = 38EA81D11CFD641D002C2C43 /* Project object */;
}
