// !$*UTF8*$!
{
	archiveVersion = 1;
	classes = {
	};
	objectVersion = 46;
	objects = {

/* Begin PBXBuildFile section */
		091FDCD81DC4E876007D47A9 /* AppDelegate.swift in Sources */ = {isa = PBXBuildFile; fileRef = 091FDCD71DC4E876007D47A9 /* AppDelegate.swift */; };
		091FDCDA1DC4E876007D47A9 /* ViewController.swift in Sources */ = {isa = PBXBuildFile; fileRef = 091FDCD91DC4E876007D47A9 /* ViewController.swift */; };
		091FDCDD1DC4E876007D47A9 /* Main.storyboard in Resources */ = {isa = PBXBuildFile; fileRef = 091FDCDB1DC4E876007D47A9 /* Main.storyboard */; };
		091FDCE01DC4E876007D47A9 /* Bow_Ties.xcdatamodeld in Sources */ = {isa = PBXBuildFile; fileRef = 091FDCDE1DC4E876007D47A9 /* Bow_Ties.xcdatamodeld */; };
		091FDCE51DC4E876007D47A9 /* LaunchScreen.storyboard in Resources */ = {isa = PBXBuildFile; fileRef = 091FDCE31DC4E876007D47A9 /* LaunchScreen.storyboard */; };
		091FDCED1DC4F5A7007D47A9 /* SampleData.plist in Resources */ = {isa = PBXBuildFile; fileRef = 091FDCEC1DC4F5A7007D47A9 /* SampleData.plist */; };
		091FDCF01DC4F8BB007D47A9 /* Bowtie+CoreDataClass.swift in Sources */ = {isa = PBXBuildFile; fileRef = 091FDCEE1DC4F8BB007D47A9 /* Bowtie+CoreDataClass.swift */; };
		091FDCF11DC4F8BB007D47A9 /* Bowtie+CoreDataProperties.swift in Sources */ = {isa = PBXBuildFile; fileRef = 091FDCEF1DC4F8BB007D47A9 /* Bowtie+CoreDataProperties.swift */; };
		3896E9BD1DC6F7CA0058ACDC /* Assets.xcassets in Resources */ = {isa = PBXBuildFile; fileRef = 3896E9BC1DC6F7CA0058ACDC /* Assets.xcassets */; };
/* End PBXBuildFile section */

/* Begin PBXFileReference section */
		091FDCD41DC4E876007D47A9 /* Bow Ties.app */ = {isa = PBXFileReference; explicitFileType = wrapper.application; includeInIndex = 0; path = "Bow Ties.app"; sourceTree = BUILT_PRODUCTS_DIR; };
		091FDCD71DC4E876007D47A9 /* AppDelegate.swift */ = {isa = PBXFileReference; lastKnownFileType = sourcecode.swift; path = AppDelegate.swift; sourceTree = "<group>"; };
		091FDCD91DC4E876007D47A9 /* ViewController.swift */ = {isa = PBXFileReference; lastKnownFileType = sourcecode.swift; path = ViewController.swift; sourceTree = "<group>"; };
		091FDCDC1DC4E876007D47A9 /* Base */ = {isa = PBXFileReference; lastKnownFileType = file.storyboard; name = Base; path = Base.lproj/Main.storyboard; sourceTree = "<group>"; };
		091FDCDF1DC4E876007D47A9 /* Bow_Ties.xcdatamodel */ = {isa = PBXFileReference; lastKnownFileType = wrapper.xcdatamodel; path = Bow_Ties.xcdatamodel; sourceTree = "<group>"; };
		091FDCE41DC4E876007D47A9 /* Base */ = {isa = PBXFileReference; lastKnownFileType = file.storyboard; name = Base; path = Base.lproj/LaunchScreen.storyboard; sourceTree = "<group>"; };
		091FDCE61DC4E876007D47A9 /* Info.plist */ = {isa = PBXFileReference; lastKnownFileType = text.plist.xml; path = Info.plist; sourceTree = "<group>"; };
		091FDCEC1DC4F5A7007D47A9 /* SampleData.plist */ = {isa = PBXFileReference; fileEncoding = 4; lastKnownFileType = text.plist.xml; path = SampleData.plist; sourceTree = "<group>"; };
		091FDCEE1DC4F8BB007D47A9 /* Bowtie+CoreDataClass.swift */ = {isa = PBXFileReference; fileEncoding = 4; lastKnownFileType = sourcecode.swift; path = "Bowtie+CoreDataClass.swift"; sourceTree = "<group>"; };
		091FDCEF1DC4F8BB007D47A9 /* Bowtie+CoreDataProperties.swift */ = {isa = PBXFileReference; fileEncoding = 4; lastKnownFileType = sourcecode.swift; path = "Bowtie+CoreDataProperties.swift"; sourceTree = "<group>"; };
		3896E9BC1DC6F7CA0058ACDC /* Assets.xcassets */ = {isa = PBXFileReference; lastKnownFileType = folder.assetcatalog; path = Assets.xcassets; sourceTree = "<group>"; };
/* End PBXFileReference section */

/* Begin PBXFrameworksBuildPhase section */
		091FDCD11DC4E876007D47A9 /* Frameworks */ = {
			isa = PBXFrameworksBuildPhase;
			buildActionMask = 2147483647;
			files = (
			);
			runOnlyForDeploymentPostprocessing = 0;
		};
/* End PBXFrameworksBuildPhase section */

/* Begin PBXGroup section */
		091FDCCB1DC4E876007D47A9 = {
			isa = PBXGroup;
			children = (
				091FDCEE1DC4F8BB007D47A9 /* Bowtie+CoreDataClass.swift */,
				091FDCEF1DC4F8BB007D47A9 /* Bowtie+CoreDataProperties.swift */,
				091FDCD61DC4E876007D47A9 /* Bow Ties */,
				091FDCD51DC4E876007D47A9 /* Products */,
			);
			sourceTree = "<group>";
		};
		091FDCD51DC4E876007D47A9 /* Products */ = {
			isa = PBXGroup;
			children = (
				091FDCD41DC4E876007D47A9 /* Bow Ties.app */,
			);
			name = Products;
			sourceTree = "<group>";
		};
		091FDCD61DC4E876007D47A9 /* Bow Ties */ = {
			isa = PBXGroup;
			children = (
				3896E9BC1DC6F7CA0058ACDC /* Assets.xcassets */,
				091FDCEC1DC4F5A7007D47A9 /* SampleData.plist */,
				091FDCD71DC4E876007D47A9 /* AppDelegate.swift */,
				091FDCD91DC4E876007D47A9 /* ViewController.swift */,
				091FDCDB1DC4E876007D47A9 /* Main.storyboard */,
				091FDCE31DC4E876007D47A9 /* LaunchScreen.storyboard */,
				091FDCE61DC4E876007D47A9 /* Info.plist */,
				091FDCDE1DC4E876007D47A9 /* Bow_Ties.xcdatamodeld */,
			);
			path = "Bow Ties";
			sourceTree = "<group>";
		};
/* End PBXGroup section */

/* Begin PBXNativeTarget section */
		091FDCD31DC4E876007D47A9 /* Bow Ties */ = {
			isa = PBXNativeTarget;
			buildConfigurationList = 091FDCE91DC4E876007D47A9 /* Build configuration list for PBXNativeTarget "Bow Ties" */;
			buildPhases = (
				091FDCD01DC4E876007D47A9 /* Sources */,
				091FDCD11DC4E876007D47A9 /* Frameworks */,
				091FDCD21DC4E876007D47A9 /* Resources */,
			);
			buildRules = (
			);
			dependencies = (
			);
			name = "Bow Ties";
			productName = "Bow Ties";
			productReference = 091FDCD41DC4E876007D47A9 /* Bow Ties.app */;
			productType = "com.apple.product-type.application";
		};
/* End PBXNativeTarget section */

/* Begin PBXProject section */
		091FDCCC1DC4E876007D47A9 /* Project object */ = {
			isa = PBXProject;
			attributes = {
				LastSwiftUpdateCheck = 0800;
				LastUpgradeCheck = 0800;
				ORGANIZATIONNAME = libo;
				TargetAttributes = {
					091FDCD31DC4E876007D47A9 = {
						CreatedOnToolsVersion = 8.0;
						DevelopmentTeam = FY9VNRD73A;
						ProvisioningStyle = Automatic;
					};
				};
			};
			buildConfigurationList = 091FDCCF1DC4E876007D47A9 /* Build configuration list for PBXProject "Bow Ties" */;
			compatibilityVersion = "Xcode 3.2";
			developmentRegion = English;
			hasScannedForEncodings = 0;
			knownRegions = (
				en,
				Base,
			);
			mainGroup = 091FDCCB1DC4E876007D47A9;
			productRefGroup = 091FDCD51DC4E876007D47A9 /* Products */;
			projectDirPath = "";
			projectRoot = "";
			targets = (
				091FDCD31DC4E876007D47A9 /* Bow Ties */,
			);
		};
/* End PBXProject section */

/* Begin PBXResourcesBuildPhase section */
		091FDCD21DC4E876007D47A9 /* Resources */ = {
			isa = PBXResourcesBuildPhase;
			buildActionMask = 2147483647;
			files = (
				091FDCE51DC4E876007D47A9 /* LaunchScreen.storyboard in Resources */,
				091FDCED1DC4F5A7007D47A9 /* SampleData.plist in Resources */,
				3896E9BD1DC6F7CA0058ACDC /* Assets.xcassets in Resources */,
				091FDCDD1DC4E876007D47A9 /* Main.storyboard in Resources */,
			);
			runOnlyForDeploymentPostprocessing = 0;
		};
/* End PBXResourcesBuildPhase section */

/* Begin PBXSourcesBuildPhase section */
		091FDCD01DC4E876007D47A9 /* Sources */ = {
			isa = PBXSourcesBuildPhase;
			buildActionMask = 2147483647;
			files = (
				091FDCE01DC4E876007D47A9 /* Bow_Ties.xcdatamodeld in Sources */,
				091FDCDA1DC4E876007D47A9 /* ViewController.swift in Sources */,
				091FDCD81DC4E876007D47A9 /* AppDelegate.swift in Sources */,
				091FDCF01DC4F8BB007D47A9 /* Bowtie+CoreDataClass.swift in Sources */,
				091FDCF11DC4F8BB007D47A9 /* Bowtie+CoreDataProperties.swift in Sources */,
			);
			runOnlyForDeploymentPostprocessing = 0;
		};
/* End PBXSourcesBuildPhase section */

/* Begin PBXVariantGroup section */
		091FDCDB1DC4E876007D47A9 /* Main.storyboard */ = {
			isa = PBXVariantGroup;
			children = (
				091FDCDC1DC4E876007D47A9 /* Base */,
			);
			name = Main.storyboard;
			sourceTree = "<group>";
		};
		091FDCE31DC4E876007D47A9 /* LaunchScreen.storyboard */ = {
			isa = PBXVariantGroup;
			children = (
				091FDCE41DC4E876007D47A9 /* Base */,
			);
			name = LaunchScreen.storyboard;
			sourceTree = "<group>";
		};
/* End PBXVariantGroup section */

/* Begin XCBuildConfiguration section */
		091FDCE71DC4E876007D47A9 /* Debug */ = {
			isa = XCBuildConfiguration;
			buildSettings = {
				ALWAYS_SEARCH_USER_PATHS = NO;
				CLANG_ANALYZER_NONNULL = YES;
				CLANG_CXX_LANGUAGE_STANDARD = "gnu++0x";
				CLANG_CXX_LIBRARY = "libc++";
				CLANG_ENABLE_MODULES = YES;
				CLANG_ENABLE_OBJC_ARC = YES;
				CLANG_WARN_BOOL_CONVERSION = YES;
				CLANG_WARN_CONSTANT_CONVERSION = YES;
				CLANG_WARN_DIRECT_OBJC_ISA_USAGE = YES_ERROR;
				CLANG_WARN_DOCUMENTATION_COMMENTS = YES;
				CLANG_WARN_EMPTY_BODY = YES;
				CLANG_WARN_ENUM_CONVERSION = YES;
				CLANG_WARN_INFINITE_RECURSION = YES;
				CLANG_WARN_INT_CONVERSION = YES;
				CLANG_WARN_OBJC_ROOT_CLASS = YES_ERROR;
				CLANG_WARN_SUSPICIOUS_MOVES = YES;
				CLANG_WARN_UNREACHABLE_CODE = YES;
				CLANG_WARN__DUPLICATE_METHOD_MATCH = YES;
				"CODE_SIGN_IDENTITY[sdk=iphoneos*]" = "iPhone Developer";
				COPY_PHASE_STRIP = NO;
				DEBUG_INFORMATION_FORMAT = dwarf;
				ENABLE_STRICT_OBJC_MSGSEND = YES;
				ENABLE_TESTABILITY = YES;
				GCC_C_LANGUAGE_STANDARD = gnu99;
				GCC_DYNAMIC_NO_PIC = NO;
				GCC_NO_COMMON_BLOCKS = YES;
				GCC_OPTIMIZATION_LEVEL = 0;
				GCC_PREPROCESSOR_DEFINITIONS = (
					"DEBUG=1",
					"$(inherited)",
				);
				GCC_WARN_64_TO_32_BIT_CONVERSION = YES;
				GCC_WARN_ABOUT_RETURN_TYPE = YES_ERROR;
				GCC_WARN_UNDECLARED_SELECTOR = YES;
				GCC_WARN_UNINITIALIZED_AUTOS = YES_AGGRESSIVE;
				GCC_WARN_UNUSED_FUNCTION = YES;
				GCC_WARN_UNUSED_VARIABLE = YES;
				IPHONEOS_DEPLOYMENT_TARGET = 10.0;
				MTL_ENABLE_DEBUG_INFO = YES;
				ONLY_ACTIVE_ARCH = YES;
				SDKROOT = iphoneos;
				SWIFT_ACTIVE_COMPILATION_CONDITIONS = DEBUG;
				SWIFT_OPTIMIZATION_LEVEL = "-Onone";
				TARGETED_DEVICE_FAMILY = "1,2";
			};
			name = Debug;
		};
		091FDCE81DC4E876007D47A9 /* Release */ = {
			isa = XCBuildConfiguration;
			buildSettings = {
				ALWAYS_SEARCH_USER_PATHS = NO;
				CLANG_ANALYZER_NONNULL = YES;
				CLANG_CXX_LANGUAGE_STANDARD = "gnu++0x";
				CLANG_CXX_LIBRARY = "libc++";
				CLANG_ENABLE_MODULES = YES;
				CLANG_ENABLE_OBJC_ARC = YES;
				CLANG_WARN_BOOL_CONVERSION = YES;
				CLANG_WARN_CONSTANT_CONVERSION = YES;
				CLANG_WARN_DIRECT_OBJC_ISA_USAGE = YES_ERROR;
				CLANG_WARN_DOCUMENTATION_COMMENTS = YES;
				CLANG_WARN_EMPTY_BODY = YES;
				CLANG_WARN_ENUM_CONVERSION = YES;
				CLANG_WARN_INFINITE_RECURSION = YES;
				CLANG_WARN_INT_CONVERSION = YES;
				CLANG_WARN_OBJC_ROOT_CLASS = YES_ERROR;
				CLANG_WARN_SUSPICIOUS_MOVES = YES;
				CLANG_WARN_UNREACHABLE_CODE = YES;
				CLANG_WARN__DUPLICATE_METHOD_MATCH = YES;
				"CODE_SIGN_IDENTITY[sdk=iphoneos*]" = "iPhone Developer";
				COPY_PHASE_STRIP = NO;
				DEBUG_INFORMATION_FORMAT = "dwarf-with-dsym";
				ENABLE_NS_ASSERTIONS = NO;
				ENABLE_STRICT_OBJC_MSGSEND = YES;
				GCC_C_LANGUAGE_STANDARD = gnu99;
				GCC_NO_COMMON_BLOCKS = YES;
				GCC_WARN_64_TO_32_BIT_CONVERSION = YES;
				GCC_WARN_ABOUT_RETURN_TYPE = YES_ERROR;
				GCC_WARN_UNDECLARED_SELECTOR = YES;
				GCC_WARN_UNINITIALIZED_AUTOS = YES_AGGRESSIVE;
				GCC_WARN_UNUSED_FUNCTION = YES;
				GCC_WARN_UNUSED_VARIABLE = YES;
				IPHONEOS_DEPLOYMENT_TARGET = 10.0;
				MTL_ENABLE_DEBUG_INFO = NO;
				SDKROOT = iphoneos;
				SWIFT_OPTIMIZATION_LEVEL = "-Owholemodule";
				TARGETED_DEVICE_FAMILY = "1,2";
				VALIDATE_PRODUCT = YES;
			};
			name = Release;
		};
		091FDCEA1DC4E876007D47A9 /* Debug */ = {
			isa = XCBuildConfiguration;
			buildSettings = {
				ASSETCATALOG_COMPILER_APPICON_NAME = AppIcon;
				DEVELOPMENT_TEAM = FY9VNRD73A;
				INFOPLIST_FILE = "Bow Ties/Info.plist";
				LD_RUNPATH_SEARCH_PATHS = "$(inherited) @executable_path/Frameworks";
				PRODUCT_BUNDLE_IDENTIFIER = "-210.Bow-Ties";
				PRODUCT_NAME = "$(TARGET_NAME)";
				SWIFT_VERSION = 3.0;
			};
			name = Debug;
		};
		091FDCEB1DC4E876007D47A9 /* Release */ = {
			isa = XCBuildConfiguration;
			buildSettings = {
				ASSETCATALOG_COMPILER_APPICON_NAME = AppIcon;
				DEVELOPMENT_TEAM = FY9VNRD73A;
				INFOPLIST_FILE = "Bow Ties/Info.plist";
				LD_RUNPATH_SEARCH_PATHS = "$(inherited) @executable_path/Frameworks";
				PRODUCT_BUNDLE_IDENTIFIER = "-210.Bow-Ties";
				PRODUCT_NAME = "$(TARGET_NAME)";
				SWIFT_VERSION = 3.0;
			};
			name = Release;
		};
/* End XCBuildConfiguration section */

/* Begin XCConfigurationList section */
		091FDCCF1DC4E876007D47A9 /* Build configuration list for PBXProject "Bow Ties" */ = {
			isa = XCConfigurationList;
			buildConfigurations = (
				091FDCE71DC4E876007D47A9 /* Debug */,
				091FDCE81DC4E876007D47A9 /* Release */,
			);
			defaultConfigurationIsVisible = 0;
			defaultConfigurationName = Release;
		};
		091FDCE91DC4E876007D47A9 /* Build configuration list for PBXNativeTarget "Bow Ties" */ = {
			isa = XCConfigurationList;
			buildConfigurations = (
				091FDCEA1DC4E876007D47A9 /* Debug */,
				091FDCEB1DC4E876007D47A9 /* Release */,
			);
			defaultConfigurationIsVisible = 0;
			defaultConfigurationName = Release;
		};
/* End XCConfigurationList section */

/* Begin XCVersionGroup section */
		091FDCDE1DC4E876007D47A9 /* Bow_Ties.xcdatamodeld */ = {
			isa = XCVersionGroup;
			children = (
				091FDCDF1DC4E876007D47A9 /* Bow_Ties.xcdatamodel */,
			);
			currentVersion = 091FDCDF1DC4E876007D47A9 /* Bow_Ties.xcdatamodel */;
			path = Bow_Ties.xcdatamodeld;
			sourceTree = "<group>";
			versionGroupType = wrapper.xcdatamodel;
		};
/* End XCVersionGroup section */
	};
	rootObject = 091FDCCC1DC4E876007D47A9 /* Project object */;
}
