// !$*UTF8*$!
{
	archiveVersion = 1;
	classes = {
	};
	objectVersion = 48;
	objects = {

/* Begin PBXBuildFile section */
		38BBA1E5204643F600DD5845 /* AppDelegate.m in Sources */ = {isa = PBXBuildFile; fileRef = 38BBA1E4204643F600DD5845 /* AppDelegate.m */; };
		38BBA1E8204643F600DD5845 /* ViewController.m in Sources */ = {isa = PBXBuildFile; fileRef = 38BBA1E7204643F600DD5845 /* ViewController.m */; };
		38BBA1EB204643F600DD5845 /* Main.storyboard in Resources */ = {isa = PBXBuildFile; fileRef = 38BBA1E9204643F600DD5845 /* Main.storyboard */; };
		38BBA1ED204643F700DD5845 /* Assets.xcassets in Resources */ = {isa = PBXBuildFile; fileRef = 38BBA1EC204643F700DD5845 /* Assets.xcassets */; };
		38BBA1F0204643F700DD5845 /* LaunchScreen.storyboard in Resources */ = {isa = PBXBuildFile; fileRef = 38BBA1EE204643F700DD5845 /* LaunchScreen.storyboard */; };
		38BBA1F3204643F700DD5845 /* main.m in Sources */ = {isa = PBXBuildFile; fileRef = 38BBA1F2204643F700DD5845 /* main.m */; };
		38BBA1FE2046445900DD5845 /* PlumExArray.m in Sources */ = {isa = PBXBuildFile; fileRef = 38BBA1FD2046445900DD5845 /* PlumExArray.m */; };
		38BBA2012046446500DD5845 /* PlumExDictionary.m in Sources */ = {isa = PBXBuildFile; fileRef = 38BBA2002046446500DD5845 /* PlumExDictionary.m */; };
		38D21E5B205B604400F94B2C /* PLKVOView.m in Sources */ = {isa = PBXBuildFile; fileRef = 38D21E5A205B604400F94B2C /* PLKVOView.m */; };
		38D21E5E205B605100F94B2C /* PLKVOModel.m in Sources */ = {isa = PBXBuildFile; fileRef = 38D21E5D205B605100F94B2C /* PLKVOModel.m */; };
		38D21E89205F866D00F94B2C /* Employee.m in Sources */ = {isa = PBXBuildFile; fileRef = 38D21E88205F866D00F94B2C /* Employee.m */; };
/* End PBXBuildFile section */

/* Begin PBXFileReference section */
		38BBA1E0204643F600DD5845 /* KVO_Ex.app */ = {isa = PBXFileReference; explicitFileType = wrapper.application; includeInIndex = 0; path = KVO_Ex.app; sourceTree = BUILT_PRODUCTS_DIR; };
		38BBA1E3204643F600DD5845 /* AppDelegate.h */ = {isa = PBXFileReference; lastKnownFileType = sourcecode.c.h; path = AppDelegate.h; sourceTree = "<group>"; };
		38BBA1E4204643F600DD5845 /* AppDelegate.m */ = {isa = PBXFileReference; lastKnownFileType = sourcecode.c.objc; path = AppDelegate.m; sourceTree = "<group>"; };
		38BBA1E6204643F600DD5845 /* ViewController.h */ = {isa = PBXFileReference; lastKnownFileType = sourcecode.c.h; path = ViewController.h; sourceTree = "<group>"; };
		38BBA1E7204643F600DD5845 /* ViewController.m */ = {isa = PBXFileReference; lastKnownFileType = sourcecode.c.objc; path = ViewController.m; sourceTree = "<group>"; };
		38BBA1EA204643F600DD5845 /* Base */ = {isa = PBXFileReference; lastKnownFileType = file.storyboard; name = Base; path = Base.lproj/Main.storyboard; sourceTree = "<group>"; };
		38BBA1EC204643F700DD5845 /* Assets.xcassets */ = {isa = PBXFileReference; lastKnownFileType = folder.assetcatalog; path = Assets.xcassets; sourceTree = "<group>"; };
		38BBA1EF204643F700DD5845 /* Base */ = {isa = PBXFileReference; lastKnownFileType = file.storyboard; name = Base; path = Base.lproj/LaunchScreen.storyboard; sourceTree = "<group>"; };
		38BBA1F1204643F700DD5845 /* Info.plist */ = {isa = PBXFileReference; lastKnownFileType = text.plist.xml; path = Info.plist; sourceTree = "<group>"; };
		38BBA1F2204643F700DD5845 /* main.m */ = {isa = PBXFileReference; lastKnownFileType = sourcecode.c.objc; path = main.m; sourceTree = "<group>"; };
		38BBA1FC2046445900DD5845 /* PlumExArray.h */ = {isa = PBXFileReference; lastKnownFileType = sourcecode.c.h; path = PlumExArray.h; sourceTree = "<group>"; };
		38BBA1FD2046445900DD5845 /* PlumExArray.m */ = {isa = PBXFileReference; lastKnownFileType = sourcecode.c.objc; path = PlumExArray.m; sourceTree = "<group>"; };
		38BBA1FF2046446500DD5845 /* PlumExDictionary.h */ = {isa = PBXFileReference; lastKnownFileType = sourcecode.c.h; path = PlumExDictionary.h; sourceTree = "<group>"; };
		38BBA2002046446500DD5845 /* PlumExDictionary.m */ = {isa = PBXFileReference; lastKnownFileType = sourcecode.c.objc; path = PlumExDictionary.m; sourceTree = "<group>"; };
		38D21E59205B604300F94B2C /* PLKVOView.h */ = {isa = PBXFileReference; lastKnownFileType = sourcecode.c.h; path = PLKVOView.h; sourceTree = "<group>"; };
		38D21E5A205B604400F94B2C /* PLKVOView.m */ = {isa = PBXFileReference; lastKnownFileType = sourcecode.c.objc; path = PLKVOView.m; sourceTree = "<group>"; };
		38D21E5C205B605100F94B2C /* PLKVOModel.h */ = {isa = PBXFileReference; lastKnownFileType = sourcecode.c.h; path = PLKVOModel.h; sourceTree = "<group>"; };
		38D21E5D205B605100F94B2C /* PLKVOModel.m */ = {isa = PBXFileReference; lastKnownFileType = sourcecode.c.objc; path = PLKVOModel.m; sourceTree = "<group>"; };
		38D21E87205F866D00F94B2C /* Employee.h */ = {isa = PBXFileReference; lastKnownFileType = sourcecode.c.h; path = Employee.h; sourceTree = "<group>"; };
		38D21E88205F866D00F94B2C /* Employee.m */ = {isa = PBXFileReference; lastKnownFileType = sourcecode.c.objc; path = Employee.m; sourceTree = "<group>"; };
/* End PBXFileReference section */

/* Begin PBXFrameworksBuildPhase section */
		38BBA1DD204643F600DD5845 /* Frameworks */ = {
			isa = PBXFrameworksBuildPhase;
			buildActionMask = 2147483647;
			files = (
			);
			runOnlyForDeploymentPostprocessing = 0;
		};
/* End PBXFrameworksBuildPhase section */

/* Begin PBXGroup section */
		38BBA1D7204643F600DD5845 = {
			isa = PBXGroup;
			children = (
				38BBA1E2204643F600DD5845 /* KVO_Ex */,
				38BBA1E1204643F600DD5845 /* Products */,
			);
			sourceTree = "<group>";
		};
		38BBA1E1204643F600DD5845 /* Products */ = {
			isa = PBXGroup;
			children = (
				38BBA1E0204643F600DD5845 /* KVO_Ex.app */,
			);
			name = Products;
			sourceTree = "<group>";
		};
		38BBA1E2204643F600DD5845 /* KVO_Ex */ = {
			isa = PBXGroup;
			children = (
				38BBA1E3204643F600DD5845 /* AppDelegate.h */,
				38BBA1E4204643F600DD5845 /* AppDelegate.m */,
				38D21E59205B604300F94B2C /* PLKVOView.h */,
				38D21E5A205B604400F94B2C /* PLKVOView.m */,
				38D21E5C205B605100F94B2C /* PLKVOModel.h */,
				38D21E5D205B605100F94B2C /* PLKVOModel.m */,
				38D21E87205F866D00F94B2C /* Employee.h */,
				38D21E88205F866D00F94B2C /* Employee.m */,
				38BBA1E6204643F600DD5845 /* ViewController.h */,
				38BBA1E7204643F600DD5845 /* ViewController.m */,
				38BBA1FC2046445900DD5845 /* PlumExArray.h */,
				38BBA1FD2046445900DD5845 /* PlumExArray.m */,
				38BBA1FF2046446500DD5845 /* PlumExDictionary.h */,
				38BBA2002046446500DD5845 /* PlumExDictionary.m */,
				38BBA1E9204643F600DD5845 /* Main.storyboard */,
				38BBA1EC204643F700DD5845 /* Assets.xcassets */,
				38BBA1EE204643F700DD5845 /* LaunchScreen.storyboard */,
				38BBA1F1204643F700DD5845 /* Info.plist */,
				38BBA1F2204643F700DD5845 /* main.m */,
			);
			path = KVO_Ex;
			sourceTree = "<group>";
		};
/* End PBXGroup section */

/* Begin PBXNativeTarget section */
		38BBA1DF204643F600DD5845 /* KVO_Ex */ = {
			isa = PBXNativeTarget;
			buildConfigurationList = 38BBA1F6204643F700DD5845 /* Build configuration list for PBXNativeTarget "KVO_Ex" */;
			buildPhases = (
				38BBA1DC204643F600DD5845 /* Sources */,
				38BBA1DD204643F600DD5845 /* Frameworks */,
				38BBA1DE204643F600DD5845 /* Resources */,
			);
			buildRules = (
			);
			dependencies = (
			);
			name = KVO_Ex;
			productName = KVO_Ex;
			productReference = 38BBA1E0204643F600DD5845 /* KVO_Ex.app */;
			productType = "com.apple.product-type.application";
		};
/* End PBXNativeTarget section */

/* Begin PBXProject section */
		38BBA1D8204643F600DD5845 /* Project object */ = {
			isa = PBXProject;
			attributes = {
				LastUpgradeCheck = 0920;
				ORGANIZATIONNAME = plum;
				TargetAttributes = {
					38BBA1DF204643F600DD5845 = {
						CreatedOnToolsVersion = 9.2;
						ProvisioningStyle = Automatic;
					};
				};
			};
			buildConfigurationList = 38BBA1DB204643F600DD5845 /* Build configuration list for PBXProject "KVO_Ex" */;
			compatibilityVersion = "Xcode 8.0";
			developmentRegion = en;
			hasScannedForEncodings = 0;
			knownRegions = (
				en,
				Base,
			);
			mainGroup = 38BBA1D7204643F600DD5845;
			productRefGroup = 38BBA1E1204643F600DD5845 /* Products */;
			projectDirPath = "";
			projectRoot = "";
			targets = (
				38BBA1DF204643F600DD5845 /* KVO_Ex */,
			);
		};
/* End PBXProject section */

/* Begin PBXResourcesBuildPhase section */
		38BBA1DE204643F600DD5845 /* Resources */ = {
			isa = PBXResourcesBuildPhase;
			buildActionMask = 2147483647;
			files = (
				38BBA1F0204643F700DD5845 /* LaunchScreen.storyboard in Resources */,
				38BBA1ED204643F700DD5845 /* Assets.xcassets in Resources */,
				38BBA1EB204643F600DD5845 /* Main.storyboard in Resources */,
			);
			runOnlyForDeploymentPostprocessing = 0;
		};
/* End PBXResourcesBuildPhase section */

/* Begin PBXSourcesBuildPhase section */
		38BBA1DC204643F600DD5845 /* Sources */ = {
			isa = PBXSourcesBuildPhase;
			buildActionMask = 2147483647;
			files = (
				38BBA1E8204643F600DD5845 /* ViewController.m in Sources */,
				38BBA1F3204643F700DD5845 /* main.m in Sources */,
				38D21E5E205B605100F94B2C /* PLKVOModel.m in Sources */,
				38BBA1FE2046445900DD5845 /* PlumExArray.m in Sources */,
				38D21E5B205B604400F94B2C /* PLKVOView.m in Sources */,
				38D21E89205F866D00F94B2C /* Employee.m in Sources */,
				38BBA2012046446500DD5845 /* PlumExDictionary.m in Sources */,
				38BBA1E5204643F600DD5845 /* AppDelegate.m in Sources */,
			);
			runOnlyForDeploymentPostprocessing = 0;
		};
/* End PBXSourcesBuildPhase section */

/* Begin PBXVariantGroup section */
		38BBA1E9204643F600DD5845 /* Main.storyboard */ = {
			isa = PBXVariantGroup;
			children = (
				38BBA1EA204643F600DD5845 /* Base */,
			);
			name = Main.storyboard;
			sourceTree = "<group>";
		};
		38BBA1EE204643F700DD5845 /* LaunchScreen.storyboard */ = {
			isa = PBXVariantGroup;
			children = (
				38BBA1EF204643F700DD5845 /* Base */,
			);
			name = LaunchScreen.storyboard;
			sourceTree = "<group>";
		};
/* End PBXVariantGroup section */

/* Begin XCBuildConfiguration section */
		38BBA1F4204643F700DD5845 /* Debug */ = {
			isa = XCBuildConfiguration;
			buildSettings = {
				ALWAYS_SEARCH_USER_PATHS = NO;
				CLANG_ANALYZER_NONNULL = YES;
				CLANG_ANALYZER_NUMBER_OBJECT_CONVERSION = YES_AGGRESSIVE;
				CLANG_CXX_LANGUAGE_STANDARD = "gnu++14";
				CLANG_CXX_LIBRARY = "libc++";
				CLANG_ENABLE_MODULES = YES;
				CLANG_ENABLE_OBJC_ARC = YES;
				CLANG_WARN_BLOCK_CAPTURE_AUTORELEASING = YES;
				CLANG_WARN_BOOL_CONVERSION = YES;
				CLANG_WARN_COMMA = YES;
				CLANG_WARN_CONSTANT_CONVERSION = YES;
				CLANG_WARN_DIRECT_OBJC_ISA_USAGE = YES_ERROR;
				CLANG_WARN_DOCUMENTATION_COMMENTS = YES;
				CLANG_WARN_EMPTY_BODY = YES;
				CLANG_WARN_ENUM_CONVERSION = YES;
				CLANG_WARN_INFINITE_RECURSION = YES;
				CLANG_WARN_INT_CONVERSION = YES;
				CLANG_WARN_NON_LITERAL_NULL_CONVERSION = YES;
				CLANG_WARN_OBJC_LITERAL_CONVERSION = YES;
				CLANG_WARN_OBJC_ROOT_CLASS = YES_ERROR;
				CLANG_WARN_RANGE_LOOP_ANALYSIS = YES;
				CLANG_WARN_STRICT_PROTOTYPES = YES;
				CLANG_WARN_SUSPICIOUS_MOVE = YES;
				CLANG_WARN_UNGUARDED_AVAILABILITY = YES_AGGRESSIVE;
				CLANG_WARN_UNREACHABLE_CODE = YES;
				CLANG_WARN__DUPLICATE_METHOD_MATCH = YES;
				CODE_SIGN_IDENTITY = "iPhone Developer";
				COPY_PHASE_STRIP = NO;
				DEBUG_INFORMATION_FORMAT = dwarf;
				ENABLE_STRICT_OBJC_MSGSEND = YES;
				ENABLE_TESTABILITY = YES;
				GCC_C_LANGUAGE_STANDARD = gnu11;
				GCC_DYNAMIC_NO_PIC = NO;
				GCC_NO_COMMON_BLOCKS = YES;
				GCC_OPTIMIZATION_LEVEL = 0;
				GCC_PREPROCESSOR_DEFINITIONS = (
					"DEBUG=1",
					"$(inherited)",
				);
				GCC_WARN_64_TO_32_BIT_CONVERSION = YES;
				GCC_WARN_ABOUT_RETURN_TYPE = YES_ERROR;
				GCC_WARN_UNDECLARED_SELECTOR = YES;
				GCC_WARN_UNINITIALIZED_AUTOS = YES_AGGRESSIVE;
				GCC_WARN_UNUSED_FUNCTION = YES;
				GCC_WARN_UNUSED_VARIABLE = YES;
				IPHONEOS_DEPLOYMENT_TARGET = 11.2;
				MTL_ENABLE_DEBUG_INFO = YES;
				ONLY_ACTIVE_ARCH = YES;
				SDKROOT = iphoneos;
			};
			name = Debug;
		};
		38BBA1F5204643F700DD5845 /* Release */ = {
			isa = XCBuildConfiguration;
			buildSettings = {
				ALWAYS_SEARCH_USER_PATHS = NO;
				CLANG_ANALYZER_NONNULL = YES;
				CLANG_ANALYZER_NUMBER_OBJECT_CONVERSION = YES_AGGRESSIVE;
				CLANG_CXX_LANGUAGE_STANDARD = "gnu++14";
				CLANG_CXX_LIBRARY = "libc++";
				CLANG_ENABLE_MODULES = YES;
				CLANG_ENABLE_OBJC_ARC = YES;
				CLANG_WARN_BLOCK_CAPTURE_AUTORELEASING = YES;
				CLANG_WARN_BOOL_CONVERSION = YES;
				CLANG_WARN_COMMA = YES;
				CLANG_WARN_CONSTANT_CONVERSION = YES;
				CLANG_WARN_DIRECT_OBJC_ISA_USAGE = YES_ERROR;
				CLANG_WARN_DOCUMENTATION_COMMENTS = YES;
				CLANG_WARN_EMPTY_BODY = YES;
				CLANG_WARN_ENUM_CONVERSION = YES;
				CLANG_WARN_INFINITE_RECURSION = YES;
				CLANG_WARN_INT_CONVERSION = YES;
				CLANG_WARN_NON_LITERAL_NULL_CONVERSION = YES;
				CLANG_WARN_OBJC_LITERAL_CONVERSION = YES;
				CLANG_WARN_OBJC_ROOT_CLASS = YES_ERROR;
				CLANG_WARN_RANGE_LOOP_ANALYSIS = YES;
				CLANG_WARN_STRICT_PROTOTYPES = YES;
				CLANG_WARN_SUSPICIOUS_MOVE = YES;
				CLANG_WARN_UNGUARDED_AVAILABILITY = YES_AGGRESSIVE;
				CLANG_WARN_UNREACHABLE_CODE = YES;
				CLANG_WARN__DUPLICATE_METHOD_MATCH = YES;
				CODE_SIGN_IDENTITY = "iPhone Developer";
				COPY_PHASE_STRIP = NO;
				DEBUG_INFORMATION_FORMAT = "dwarf-with-dsym";
				ENABLE_NS_ASSERTIONS = NO;
				ENABLE_STRICT_OBJC_MSGSEND = YES;
				GCC_C_LANGUAGE_STANDARD = gnu11;
				GCC_NO_COMMON_BLOCKS = YES;
				GCC_WARN_64_TO_32_BIT_CONVERSION = YES;
				GCC_WARN_ABOUT_RETURN_TYPE = YES_ERROR;
				GCC_WARN_UNDECLARED_SELECTOR = YES;
				GCC_WARN_UNINITIALIZED_AUTOS = YES_AGGRESSIVE;
				GCC_WARN_UNUSED_FUNCTION = YES;
				GCC_WARN_UNUSED_VARIABLE = YES;
				IPHONEOS_DEPLOYMENT_TARGET = 11.2;
				MTL_ENABLE_DEBUG_INFO = NO;
				SDKROOT = iphoneos;
				VALIDATE_PRODUCT = YES;
			};
			name = Release;
		};
		38BBA1F7204643F700DD5845 /* Debug */ = {
			isa = XCBuildConfiguration;
			buildSettings = {
				ASSETCATALOG_COMPILER_APPICON_NAME = AppIcon;
				CODE_SIGN_STYLE = Automatic;
				DEVELOPMENT_TEAM = R86UW7Z2FX;
				INFOPLIST_FILE = KVO_Ex/Info.plist;
				LD_RUNPATH_SEARCH_PATHS = "$(inherited) @executable_path/Frameworks";
				PRODUCT_BUNDLE_IDENTIFIER = "df.KVO-Ex";
				PRODUCT_NAME = "$(TARGET_NAME)";
				TARGETED_DEVICE_FAMILY = "1,2";
			};
			name = Debug;
		};
		38BBA1F8204643F700DD5845 /* Release */ = {
			isa = XCBuildConfiguration;
			buildSettings = {
				ASSETCATALOG_COMPILER_APPICON_NAME = AppIcon;
				CODE_SIGN_STYLE = Automatic;
				DEVELOPMENT_TEAM = R86UW7Z2FX;
				INFOPLIST_FILE = KVO_Ex/Info.plist;
				LD_RUNPATH_SEARCH_PATHS = "$(inherited) @executable_path/Frameworks";
				PRODUCT_BUNDLE_IDENTIFIER = "df.KVO-Ex";
				PRODUCT_NAME = "$(TARGET_NAME)";
				TARGETED_DEVICE_FAMILY = "1,2";
			};
			name = Release;
		};
/* End XCBuildConfiguration section */

/* Begin XCConfigurationList section */
		38BBA1DB204643F600DD5845 /* Build configuration list for PBXProject "KVO_Ex" */ = {
			isa = XCConfigurationList;
			buildConfigurations = (
				38BBA1F4204643F700DD5845 /* Debug */,
				38BBA1F5204643F700DD5845 /* Release */,
			);
			defaultConfigurationIsVisible = 0;
			defaultConfigurationName = Release;
		};
		38BBA1F6204643F700DD5845 /* Build configuration list for PBXNativeTarget "KVO_Ex" */ = {
			isa = XCConfigurationList;
			buildConfigurations = (
				38BBA1F7204643F700DD5845 /* Debug */,
				38BBA1F8204643F700DD5845 /* Release */,
			);
			defaultConfigurationIsVisible = 0;
			defaultConfigurationName = Release;
		};
/* End XCConfigurationList section */
	};
	rootObject = 38BBA1D8204643F600DD5845 /* Project object */;
}
