// !$*UTF8*$!
{
	archiveVersion = 1;
	classes = {
	};
	objectVersion = 46;
	objects = {

/* Begin PBXBuildFile section */
		38FCDD671D82C01E003A34F6 /* main.m in Sources */ = {isa = PBXBuildFile; fileRef = 38FCDD661D82C01E003A34F6 /* main.m */; };
		38FCDD6A1D82C01E003A34F6 /* AppDelegate.m in Sources */ = {isa = PBXBuildFile; fileRef = 38FCDD691D82C01E003A34F6 /* AppDelegate.m */; };
		38FCDD6D1D82C01E003A34F6 /* ViewController.m in Sources */ = {isa = PBXBuildFile; fileRef = 38FCDD6C1D82C01E003A34F6 /* ViewController.m */; };
		38FCDD701D82C01E003A34F6 /* Main.storyboard in Resources */ = {isa = PBXBuildFile; fileRef = 38FCDD6E1D82C01E003A34F6 /* Main.storyboard */; };
		38FCDD721D82C01E003A34F6 /* Assets.xcassets in Resources */ = {isa = PBXBuildFile; fileRef = 38FCDD711D82C01E003A34F6 /* Assets.xcassets */; };
		38FCDD751D82C01E003A34F6 /* LaunchScreen.storyboard in Resources */ = {isa = PBXBuildFile; fileRef = 38FCDD731D82C01E003A34F6 /* LaunchScreen.storyboard */; };
		9A21BCDA1EE971475F1B94EB /* libPods-CocopodLearning.a in Frameworks */ = {isa = PBXBuildFile; fileRef = A5E2F2253166DD80455B6D4A /* libPods-CocopodLearning.a */; };
/* End PBXBuildFile section */

/* Begin PBXFileReference section */
		38FCDD621D82C01E003A34F6 /* CocopodLearning.app */ = {isa = PBXFileReference; explicitFileType = wrapper.application; includeInIndex = 0; path = CocopodLearning.app; sourceTree = BUILT_PRODUCTS_DIR; };
		38FCDD661D82C01E003A34F6 /* main.m */ = {isa = PBXFileReference; lastKnownFileType = sourcecode.c.objc; path = main.m; sourceTree = "<group>"; };
		38FCDD681D82C01E003A34F6 /* AppDelegate.h */ = {isa = PBXFileReference; lastKnownFileType = sourcecode.c.h; path = AppDelegate.h; sourceTree = "<group>"; };
		38FCDD691D82C01E003A34F6 /* AppDelegate.m */ = {isa = PBXFileReference; lastKnownFileType = sourcecode.c.objc; path = AppDelegate.m; sourceTree = "<group>"; };
		38FCDD6B1D82C01E003A34F6 /* ViewController.h */ = {isa = PBXFileReference; lastKnownFileType = sourcecode.c.h; path = ViewController.h; sourceTree = "<group>"; };
		38FCDD6C1D82C01E003A34F6 /* ViewController.m */ = {isa = PBXFileReference; lastKnownFileType = sourcecode.c.objc; path = ViewController.m; sourceTree = "<group>"; };
		38FCDD6F1D82C01E003A34F6 /* Base */ = {isa = PBXFileReference; lastKnownFileType = file.storyboard; name = Base; path = Base.lproj/Main.storyboard; sourceTree = "<group>"; };
		38FCDD711D82C01E003A34F6 /* Assets.xcassets */ = {isa = PBXFileReference; lastKnownFileType = folder.assetcatalog; path = Assets.xcassets; sourceTree = "<group>"; };
		38FCDD741D82C01E003A34F6 /* Base */ = {isa = PBXFileReference; lastKnownFileType = file.storyboard; name = Base; path = Base.lproj/LaunchScreen.storyboard; sourceTree = "<group>"; };
		38FCDD761D82C01E003A34F6 /* Info.plist */ = {isa = PBXFileReference; lastKnownFileType = text.plist.xml; path = Info.plist; sourceTree = "<group>"; };
		6E35FFC3F525981C6767A20F /* Pods-CocopodLearning.release.xcconfig */ = {isa = PBXFileReference; includeInIndex = 1; lastKnownFileType = text.xcconfig; name = "Pods-CocopodLearning.release.xcconfig"; path = "Pods/Target Support Files/Pods-CocopodLearning/Pods-CocopodLearning.release.xcconfig"; sourceTree = "<group>"; };
		A5E2F2253166DD80455B6D4A /* libPods-CocopodLearning.a */ = {isa = PBXFileReference; explicitFileType = archive.ar; includeInIndex = 0; path = "libPods-CocopodLearning.a"; sourceTree = BUILT_PRODUCTS_DIR; };
		D707030BBF852002062B85AF /* Pods-CocopodLearning.debug.xcconfig */ = {isa = PBXFileReference; includeInIndex = 1; lastKnownFileType = text.xcconfig; name = "Pods-CocopodLearning.debug.xcconfig"; path = "Pods/Target Support Files/Pods-CocopodLearning/Pods-CocopodLearning.debug.xcconfig"; sourceTree = "<group>"; };
/* End PBXFileReference section */

/* Begin PBXFrameworksBuildPhase section */
		38FCDD5F1D82C01E003A34F6 /* Frameworks */ = {
			isa = PBXFrameworksBuildPhase;
			buildActionMask = 2147483647;
			files = (
				9A21BCDA1EE971475F1B94EB /* libPods-CocopodLearning.a in Frameworks */,
			);
			runOnlyForDeploymentPostprocessing = 0;
		};
/* End PBXFrameworksBuildPhase section */

/* Begin PBXGroup section */
		38FCDD591D82C01E003A34F6 = {
			isa = PBXGroup;
			children = (
				38FCDD641D82C01E003A34F6 /* CocopodLearning */,
				38FCDD631D82C01E003A34F6 /* Products */,
				61606BADD7C5027824E4A80F /* Pods */,
				4E7A66B3E5A2B66C60993D52 /* Frameworks */,
			);
			sourceTree = "<group>";
		};
		38FCDD631D82C01E003A34F6 /* Products */ = {
			isa = PBXGroup;
			children = (
				38FCDD621D82C01E003A34F6 /* CocopodLearning.app */,
			);
			name = Products;
			sourceTree = "<group>";
		};
		38FCDD641D82C01E003A34F6 /* CocopodLearning */ = {
			isa = PBXGroup;
			children = (
				38FCDD681D82C01E003A34F6 /* AppDelegate.h */,
				38FCDD691D82C01E003A34F6 /* AppDelegate.m */,
				38FCDD6B1D82C01E003A34F6 /* ViewController.h */,
				38FCDD6C1D82C01E003A34F6 /* ViewController.m */,
				38FCDD6E1D82C01E003A34F6 /* Main.storyboard */,
				38FCDD711D82C01E003A34F6 /* Assets.xcassets */,
				38FCDD731D82C01E003A34F6 /* LaunchScreen.storyboard */,
				38FCDD761D82C01E003A34F6 /* Info.plist */,
				38FCDD651D82C01E003A34F6 /* Supporting Files */,
			);
			path = CocopodLearning;
			sourceTree = "<group>";
		};
		38FCDD651D82C01E003A34F6 /* Supporting Files */ = {
			isa = PBXGroup;
			children = (
				38FCDD661D82C01E003A34F6 /* main.m */,
			);
			name = "Supporting Files";
			sourceTree = "<group>";
		};
		4E7A66B3E5A2B66C60993D52 /* Frameworks */ = {
			isa = PBXGroup;
			children = (
				A5E2F2253166DD80455B6D4A /* libPods-CocopodLearning.a */,
			);
			name = Frameworks;
			sourceTree = "<group>";
		};
		61606BADD7C5027824E4A80F /* Pods */ = {
			isa = PBXGroup;
			children = (
				D707030BBF852002062B85AF /* Pods-CocopodLearning.debug.xcconfig */,
				6E35FFC3F525981C6767A20F /* Pods-CocopodLearning.release.xcconfig */,
			);
			name = Pods;
			sourceTree = "<group>";
		};
/* End PBXGroup section */

/* Begin PBXNativeTarget section */
		38FCDD611D82C01E003A34F6 /* CocopodLearning */ = {
			isa = PBXNativeTarget;
			buildConfigurationList = 38FCDD791D82C01E003A34F6 /* Build configuration list for PBXNativeTarget "CocopodLearning" */;
			buildPhases = (
				0F4AAB99DF1AD7E4B9CF5ABF /* [CP] Check Pods Manifest.lock */,
				38FCDD5E1D82C01E003A34F6 /* Sources */,
				38FCDD5F1D82C01E003A34F6 /* Frameworks */,
				38FCDD601D82C01E003A34F6 /* Resources */,
				8F7406545D081211F5B5B941 /* [CP] Embed Pods Frameworks */,
				F7FE7A8388A765AC2F751B79 /* [CP] Copy Pods Resources */,
			);
			buildRules = (
			);
			dependencies = (
			);
			name = CocopodLearning;
			productName = CocopodLearning;
			productReference = 38FCDD621D82C01E003A34F6 /* CocopodLearning.app */;
			productType = "com.apple.product-type.application";
		};
/* End PBXNativeTarget section */

/* Begin PBXProject section */
		38FCDD5A1D82C01E003A34F6 /* Project object */ = {
			isa = PBXProject;
			attributes = {
				LastUpgradeCheck = 0730;
				ORGANIZATIONNAME = plum;
				TargetAttributes = {
					38FCDD611D82C01E003A34F6 = {
						CreatedOnToolsVersion = 7.3;
					};
				};
			};
			buildConfigurationList = 38FCDD5D1D82C01E003A34F6 /* Build configuration list for PBXProject "CocopodLearning" */;
			compatibilityVersion = "Xcode 3.2";
			developmentRegion = English;
			hasScannedForEncodings = 0;
			knownRegions = (
				en,
				Base,
			);
			mainGroup = 38FCDD591D82C01E003A34F6;
			productRefGroup = 38FCDD631D82C01E003A34F6 /* Products */;
			projectDirPath = "";
			projectRoot = "";
			targets = (
				38FCDD611D82C01E003A34F6 /* CocopodLearning */,
			);
		};
/* End PBXProject section */

/* Begin PBXResourcesBuildPhase section */
		38FCDD601D82C01E003A34F6 /* Resources */ = {
			isa = PBXResourcesBuildPhase;
			buildActionMask = 2147483647;
			files = (
				38FCDD751D82C01E003A34F6 /* LaunchScreen.storyboard in Resources */,
				38FCDD721D82C01E003A34F6 /* Assets.xcassets in Resources */,
				38FCDD701D82C01E003A34F6 /* Main.storyboard in Resources */,
			);
			runOnlyForDeploymentPostprocessing = 0;
		};
/* End PBXResourcesBuildPhase section */

/* Begin PBXShellScriptBuildPhase section */
		0F4AAB99DF1AD7E4B9CF5ABF /* [CP] Check Pods Manifest.lock */ = {
			isa = PBXShellScriptBuildPhase;
			buildActionMask = 2147483647;
			files = (
			);
			inputPaths = (
			);
			name = "[CP] Check Pods Manifest.lock";
			outputPaths = (
			);
			runOnlyForDeploymentPostprocessing = 0;
			shellPath = /bin/sh;
			shellScript = "diff \"${PODS_ROOT}/../Podfile.lock\" \"${PODS_ROOT}/Manifest.lock\" > /dev/null\nif [[ $? != 0 ]] ; then\n    cat << EOM\nerror: The sandbox is not in sync with the Podfile.lock. Run 'pod install' or update your CocoaPods installation.\nEOM\n    exit 1\nfi\n";
			showEnvVarsInLog = 0;
		};
		8F7406545D081211F5B5B941 /* [CP] Embed Pods Frameworks */ = {
			isa = PBXShellScriptBuildPhase;
			buildActionMask = 2147483647;
			files = (
			);
			inputPaths = (
			);
			name = "[CP] Embed Pods Frameworks";
			outputPaths = (
			);
			runOnlyForDeploymentPostprocessing = 0;
			shellPath = /bin/sh;
			shellScript = "\"${SRCROOT}/Pods/Target Support Files/Pods-CocopodLearning/Pods-CocopodLearning-frameworks.sh\"\n";
			showEnvVarsInLog = 0;
		};
		F7FE7A8388A765AC2F751B79 /* [CP] Copy Pods Resources */ = {
			isa = PBXShellScriptBuildPhase;
			buildActionMask = 2147483647;
			files = (
			);
			inputPaths = (
			);
			name = "[CP] Copy Pods Resources";
			outputPaths = (
			);
			runOnlyForDeploymentPostprocessing = 0;
			shellPath = /bin/sh;
			shellScript = "\"${SRCROOT}/Pods/Target Support Files/Pods-CocopodLearning/Pods-CocopodLearning-resources.sh\"\n";
			showEnvVarsInLog = 0;
		};
/* End PBXShellScriptBuildPhase section */

/* Begin PBXSourcesBuildPhase section */
		38FCDD5E1D82C01E003A34F6 /* Sources */ = {
			isa = PBXSourcesBuildPhase;
			buildActionMask = 2147483647;
			files = (
				38FCDD6D1D82C01E003A34F6 /* ViewController.m in Sources */,
				38FCDD6A1D82C01E003A34F6 /* AppDelegate.m in Sources */,
				38FCDD671D82C01E003A34F6 /* main.m in Sources */,
			);
			runOnlyForDeploymentPostprocessing = 0;
		};
/* End PBXSourcesBuildPhase section */

/* Begin PBXVariantGroup section */
		38FCDD6E1D82C01E003A34F6 /* Main.storyboard */ = {
			isa = PBXVariantGroup;
			children = (
				38FCDD6F1D82C01E003A34F6 /* Base */,
			);
			name = Main.storyboard;
			sourceTree = "<group>";
		};
		38FCDD731D82C01E003A34F6 /* LaunchScreen.storyboard */ = {
			isa = PBXVariantGroup;
			children = (
				38FCDD741D82C01E003A34F6 /* Base */,
			);
			name = LaunchScreen.storyboard;
			sourceTree = "<group>";
		};
/* End PBXVariantGroup section */

/* Begin XCBuildConfiguration section */
		38FCDD771D82C01E003A34F6 /* Debug */ = {
			isa = XCBuildConfiguration;
			buildSettings = {
				ALWAYS_SEARCH_USER_PATHS = NO;
				CLANG_ANALYZER_NONNULL = YES;
				CLANG_CXX_LANGUAGE_STANDARD = "gnu++0x";
				CLANG_CXX_LIBRARY = "libc++";
				CLANG_ENABLE_MODULES = YES;
				CLANG_ENABLE_OBJC_ARC = YES;
				CLANG_WARN_BOOL_CONVERSION = YES;
				CLANG_WARN_CONSTANT_CONVERSION = YES;
				CLANG_WARN_DIRECT_OBJC_ISA_USAGE = YES_ERROR;
				CLANG_WARN_EMPTY_BODY = YES;
				CLANG_WARN_ENUM_CONVERSION = YES;
				CLANG_WARN_INT_CONVERSION = YES;
				CLANG_WARN_OBJC_ROOT_CLASS = YES_ERROR;
				CLANG_WARN_UNREACHABLE_CODE = YES;
				CLANG_WARN__DUPLICATE_METHOD_MATCH = YES;
				"CODE_SIGN_IDENTITY[sdk=iphoneos*]" = "iPhone Developer";
				COPY_PHASE_STRIP = NO;
				DEBUG_INFORMATION_FORMAT = dwarf;
				ENABLE_STRICT_OBJC_MSGSEND = YES;
				ENABLE_TESTABILITY = YES;
				GCC_C_LANGUAGE_STANDARD = gnu99;
				GCC_DYNAMIC_NO_PIC = NO;
				GCC_NO_COMMON_BLOCKS = YES;
				GCC_OPTIMIZATION_LEVEL = 0;
				GCC_PREPROCESSOR_DEFINITIONS = (
					"DEBUG=1",
					"$(inherited)",
				);
				GCC_WARN_64_TO_32_BIT_CONVERSION = YES;
				GCC_WARN_ABOUT_RETURN_TYPE = YES_ERROR;
				GCC_WARN_UNDECLARED_SELECTOR = YES;
				GCC_WARN_UNINITIALIZED_AUTOS = YES_AGGRESSIVE;
				GCC_WARN_UNUSED_FUNCTION = YES;
				GCC_WARN_UNUSED_VARIABLE = YES;
				IPHONEOS_DEPLOYMENT_TARGET = 9.3;
				MTL_ENABLE_DEBUG_INFO = YES;
				ONLY_ACTIVE_ARCH = YES;
				SDKROOT = iphoneos;
			};
			name = Debug;
		};
		38FCDD781D82C01E003A34F6 /* Release */ = {
			isa = XCBuildConfiguration;
			buildSettings = {
				ALWAYS_SEARCH_USER_PATHS = NO;
				CLANG_ANALYZER_NONNULL = YES;
				CLANG_CXX_LANGUAGE_STANDARD = "gnu++0x";
				CLANG_CXX_LIBRARY = "libc++";
				CLANG_ENABLE_MODULES = YES;
				CLANG_ENABLE_OBJC_ARC = YES;
				CLANG_WARN_BOOL_CONVERSION = YES;
				CLANG_WARN_CONSTANT_CONVERSION = YES;
				CLANG_WARN_DIRECT_OBJC_ISA_USAGE = YES_ERROR;
				CLANG_WARN_EMPTY_BODY = YES;
				CLANG_WARN_ENUM_CONVERSION = YES;
				CLANG_WARN_INT_CONVERSION = YES;
				CLANG_WARN_OBJC_ROOT_CLASS = YES_ERROR;
				CLANG_WARN_UNREACHABLE_CODE = YES;
				CLANG_WARN__DUPLICATE_METHOD_MATCH = YES;
				"CODE_SIGN_IDENTITY[sdk=iphoneos*]" = "iPhone Developer";
				COPY_PHASE_STRIP = NO;
				DEBUG_INFORMATION_FORMAT = "dwarf-with-dsym";
				ENABLE_NS_ASSERTIONS = NO;
				ENABLE_STRICT_OBJC_MSGSEND = YES;
				GCC_C_LANGUAGE_STANDARD = gnu99;
				GCC_NO_COMMON_BLOCKS = YES;
				GCC_WARN_64_TO_32_BIT_CONVERSION = YES;
				GCC_WARN_ABOUT_RETURN_TYPE = YES_ERROR;
				GCC_WARN_UNDECLARED_SELECTOR = YES;
				GCC_WARN_UNINITIALIZED_AUTOS = YES_AGGRESSIVE;
				GCC_WARN_UNUSED_FUNCTION = YES;
				GCC_WARN_UNUSED_VARIABLE = YES;
				IPHONEOS_DEPLOYMENT_TARGET = 9.3;
				MTL_ENABLE_DEBUG_INFO = NO;
				SDKROOT = iphoneos;
				VALIDATE_PRODUCT = YES;
			};
			name = Release;
		};
		38FCDD7A1D82C01E003A34F6 /* Debug */ = {
			isa = XCBuildConfiguration;
			baseConfigurationReference = D707030BBF852002062B85AF /* Pods-CocopodLearning.debug.xcconfig */;
			buildSettings = {
				ASSETCATALOG_COMPILER_APPICON_NAME = AppIcon;
				INFOPLIST_FILE = CocopodLearning/Info.plist;
				LD_RUNPATH_SEARCH_PATHS = "$(inherited) @executable_path/Frameworks";
				PRODUCT_BUNDLE_IDENTIFIER = com.anzogame.CocopodLearning;
				PRODUCT_NAME = "$(TARGET_NAME)";
			};
			name = Debug;
		};
		38FCDD7B1D82C01E003A34F6 /* Release */ = {
			isa = XCBuildConfiguration;
			baseConfigurationReference = 6E35FFC3F525981C6767A20F /* Pods-CocopodLearning.release.xcconfig */;
			buildSettings = {
				ASSETCATALOG_COMPILER_APPICON_NAME = AppIcon;
				INFOPLIST_FILE = CocopodLearning/Info.plist;
				LD_RUNPATH_SEARCH_PATHS = "$(inherited) @executable_path/Frameworks";
				PRODUCT_BUNDLE_IDENTIFIER = com.anzogame.CocopodLearning;
				PRODUCT_NAME = "$(TARGET_NAME)";
			};
			name = Release;
		};
/* End XCBuildConfiguration section */

/* Begin XCConfigurationList section */
		38FCDD5D1D82C01E003A34F6 /* Build configuration list for PBXProject "CocopodLearning" */ = {
			isa = XCConfigurationList;
			buildConfigurations = (
				38FCDD771D82C01E003A34F6 /* Debug */,
				38FCDD781D82C01E003A34F6 /* Release */,
			);
			defaultConfigurationIsVisible = 0;
			defaultConfigurationName = Release;
		};
		38FCDD791D82C01E003A34F6 /* Build configuration list for PBXNativeTarget "CocopodLearning" */ = {
			isa = XCConfigurationList;
			buildConfigurations = (
				38FCDD7A1D82C01E003A34F6 /* Debug */,
				38FCDD7B1D82C01E003A34F6 /* Release */,
			);
			defaultConfigurationIsVisible = 0;
			defaultConfigurationName = Release;
		};
/* End XCConfigurationList section */
	};
	rootObject = 38FCDD5A1D82C01E003A34F6 /* Project object */;
}
