// !$*UTF8*$!
{
	archiveVersion = 1;
	classes = {
	};
	objectVersion = 46;
	objects = {

/* Begin PBXBuildFile section */
		09545C551CC66C3200A9CB5F /* CustomHeader.m in Sources */ = {isa = PBXBuildFile; fileRef = 09545C541CC66C3200A9CB5F /* CustomHeader.m */; };
		383EC1DC1CC4D2690022D612 /* main.m in Sources */ = {isa = PBXBuildFile; fileRef = 383EC1DB1CC4D2690022D612 /* main.m */; };
		383EC1DF1CC4D2690022D612 /* AppDelegate.m in Sources */ = {isa = PBXBuildFile; fileRef = 383EC1DE1CC4D2690022D612 /* AppDelegate.m */; };
		383EC1E51CC4D2690022D612 /* Main.storyboard in Resources */ = {isa = PBXBuildFile; fileRef = 383EC1E31CC4D2690022D612 /* Main.storyboard */; };
		383EC1E71CC4D2690022D612 /* Assets.xcassets in Resources */ = {isa = PBXBuildFile; fileRef = 383EC1E61CC4D2690022D612 /* Assets.xcassets */; };
		383EC1EA1CC4D2690022D612 /* LaunchScreen.storyboard in Resources */ = {isa = PBXBuildFile; fileRef = 383EC1E81CC4D2690022D612 /* LaunchScreen.storyboard */; };
		383EC1F31CC4D2B80022D612 /* CoolTableViewController.m in Sources */ = {isa = PBXBuildFile; fileRef = 383EC1F21CC4D2B80022D612 /* CoolTableViewController.m */; };
		383EC1F61CC4D55A0022D612 /* CustomCellBackground.m in Sources */ = {isa = PBXBuildFile; fileRef = 383EC1F51CC4D55A0022D612 /* CustomCellBackground.m */; };
		383EC1F91CC4D75C0022D612 /* Common.m in Sources */ = {isa = PBXBuildFile; fileRef = 383EC1F81CC4D75C0022D612 /* Common.m */; };
/* End PBXBuildFile section */

/* Begin PBXFileReference section */
		09545C531CC66C3200A9CB5F /* CustomHeader.h */ = {isa = PBXFileReference; fileEncoding = 4; lastKnownFileType = sourcecode.c.h; path = CustomHeader.h; sourceTree = "<group>"; };
		09545C541CC66C3200A9CB5F /* CustomHeader.m */ = {isa = PBXFileReference; fileEncoding = 4; lastKnownFileType = sourcecode.c.objc; path = CustomHeader.m; sourceTree = "<group>"; };
		383EC1D71CC4D2690022D612 /* CoolTable.app */ = {isa = PBXFileReference; explicitFileType = wrapper.application; includeInIndex = 0; path = CoolTable.app; sourceTree = BUILT_PRODUCTS_DIR; };
		383EC1DB1CC4D2690022D612 /* main.m */ = {isa = PBXFileReference; lastKnownFileType = sourcecode.c.objc; path = main.m; sourceTree = "<group>"; };
		383EC1DD1CC4D2690022D612 /* AppDelegate.h */ = {isa = PBXFileReference; lastKnownFileType = sourcecode.c.h; path = AppDelegate.h; sourceTree = "<group>"; };
		383EC1DE1CC4D2690022D612 /* AppDelegate.m */ = {isa = PBXFileReference; lastKnownFileType = sourcecode.c.objc; path = AppDelegate.m; sourceTree = "<group>"; };
		383EC1E41CC4D2690022D612 /* Base */ = {isa = PBXFileReference; lastKnownFileType = file.storyboard; name = Base; path = Base.lproj/Main.storyboard; sourceTree = "<group>"; };
		383EC1E61CC4D2690022D612 /* Assets.xcassets */ = {isa = PBXFileReference; lastKnownFileType = folder.assetcatalog; path = Assets.xcassets; sourceTree = "<group>"; };
		383EC1E91CC4D2690022D612 /* Base */ = {isa = PBXFileReference; lastKnownFileType = file.storyboard; name = Base; path = Base.lproj/LaunchScreen.storyboard; sourceTree = "<group>"; };
		383EC1EB1CC4D2690022D612 /* Info.plist */ = {isa = PBXFileReference; lastKnownFileType = text.plist.xml; path = Info.plist; sourceTree = "<group>"; };
		383EC1F11CC4D2B80022D612 /* CoolTableViewController.h */ = {isa = PBXFileReference; fileEncoding = 4; lastKnownFileType = sourcecode.c.h; path = CoolTableViewController.h; sourceTree = "<group>"; };
		383EC1F21CC4D2B80022D612 /* CoolTableViewController.m */ = {isa = PBXFileReference; fileEncoding = 4; lastKnownFileType = sourcecode.c.objc; path = CoolTableViewController.m; sourceTree = "<group>"; };
		383EC1F41CC4D55A0022D612 /* CustomCellBackground.h */ = {isa = PBXFileReference; fileEncoding = 4; lastKnownFileType = sourcecode.c.h; path = CustomCellBackground.h; sourceTree = "<group>"; };
		383EC1F51CC4D55A0022D612 /* CustomCellBackground.m */ = {isa = PBXFileReference; fileEncoding = 4; lastKnownFileType = sourcecode.c.objc; path = CustomCellBackground.m; sourceTree = "<group>"; };
		383EC1F71CC4D75C0022D612 /* Common.h */ = {isa = PBXFileReference; fileEncoding = 4; lastKnownFileType = sourcecode.c.h; path = Common.h; sourceTree = "<group>"; };
		383EC1F81CC4D75C0022D612 /* Common.m */ = {isa = PBXFileReference; fileEncoding = 4; lastKnownFileType = sourcecode.c.objc; path = Common.m; sourceTree = "<group>"; };
/* End PBXFileReference section */

/* Begin PBXFrameworksBuildPhase section */
		383EC1D41CC4D2690022D612 /* Frameworks */ = {
			isa = PBXFrameworksBuildPhase;
			buildActionMask = 2147483647;
			files = (
			);
			runOnlyForDeploymentPostprocessing = 0;
		};
/* End PBXFrameworksBuildPhase section */

/* Begin PBXGroup section */
		383EC1CE1CC4D2690022D612 = {
			isa = PBXGroup;
			children = (
				383EC1D91CC4D2690022D612 /* CoolTable */,
				383EC1D81CC4D2690022D612 /* Products */,
			);
			sourceTree = "<group>";
		};
		383EC1D81CC4D2690022D612 /* Products */ = {
			isa = PBXGroup;
			children = (
				383EC1D71CC4D2690022D612 /* CoolTable.app */,
			);
			name = Products;
			sourceTree = "<group>";
		};
		383EC1D91CC4D2690022D612 /* CoolTable */ = {
			isa = PBXGroup;
			children = (
				383EC1F71CC4D75C0022D612 /* Common.h */,
				383EC1F81CC4D75C0022D612 /* Common.m */,
				383EC1F41CC4D55A0022D612 /* CustomCellBackground.h */,
				383EC1F51CC4D55A0022D612 /* CustomCellBackground.m */,
				383EC1F11CC4D2B80022D612 /* CoolTableViewController.h */,
				383EC1F21CC4D2B80022D612 /* CoolTableViewController.m */,
				383EC1DD1CC4D2690022D612 /* AppDelegate.h */,
				383EC1DE1CC4D2690022D612 /* AppDelegate.m */,
				383EC1E31CC4D2690022D612 /* Main.storyboard */,
				383EC1E61CC4D2690022D612 /* Assets.xcassets */,
				383EC1E81CC4D2690022D612 /* LaunchScreen.storyboard */,
				383EC1EB1CC4D2690022D612 /* Info.plist */,
				383EC1DA1CC4D2690022D612 /* Supporting Files */,
				09545C531CC66C3200A9CB5F /* CustomHeader.h */,
				09545C541CC66C3200A9CB5F /* CustomHeader.m */,
			);
			path = CoolTable;
			sourceTree = "<group>";
		};
		383EC1DA1CC4D2690022D612 /* Supporting Files */ = {
			isa = PBXGroup;
			children = (
				383EC1DB1CC4D2690022D612 /* main.m */,
			);
			name = "Supporting Files";
			sourceTree = "<group>";
		};
/* End PBXGroup section */

/* Begin PBXNativeTarget section */
		383EC1D61CC4D2690022D612 /* CoolTable */ = {
			isa = PBXNativeTarget;
			buildConfigurationList = 383EC1EE1CC4D2690022D612 /* Build configuration list for PBXNativeTarget "CoolTable" */;
			buildPhases = (
				383EC1D31CC4D2690022D612 /* Sources */,
				383EC1D41CC4D2690022D612 /* Frameworks */,
				383EC1D51CC4D2690022D612 /* Resources */,
			);
			buildRules = (
			);
			dependencies = (
			);
			name = CoolTable;
			productName = CoolTable;
			productReference = 383EC1D71CC4D2690022D612 /* CoolTable.app */;
			productType = "com.apple.product-type.application";
		};
/* End PBXNativeTarget section */

/* Begin PBXProject section */
		383EC1CF1CC4D2690022D612 /* Project object */ = {
			isa = PBXProject;
			attributes = {
				LastUpgradeCheck = 0730;
				ORGANIZATIONNAME = plum;
				TargetAttributes = {
					383EC1D61CC4D2690022D612 = {
						CreatedOnToolsVersion = 7.3;
					};
				};
			};
			buildConfigurationList = 383EC1D21CC4D2690022D612 /* Build configuration list for PBXProject "CoolTable" */;
			compatibilityVersion = "Xcode 3.2";
			developmentRegion = English;
			hasScannedForEncodings = 0;
			knownRegions = (
				en,
				Base,
			);
			mainGroup = 383EC1CE1CC4D2690022D612;
			productRefGroup = 383EC1D81CC4D2690022D612 /* Products */;
			projectDirPath = "";
			projectRoot = "";
			targets = (
				383EC1D61CC4D2690022D612 /* CoolTable */,
			);
		};
/* End PBXProject section */

/* Begin PBXResourcesBuildPhase section */
		383EC1D51CC4D2690022D612 /* Resources */ = {
			isa = PBXResourcesBuildPhase;
			buildActionMask = 2147483647;
			files = (
				383EC1EA1CC4D2690022D612 /* LaunchScreen.storyboard in Resources */,
				383EC1E71CC4D2690022D612 /* Assets.xcassets in Resources */,
				383EC1E51CC4D2690022D612 /* Main.storyboard in Resources */,
			);
			runOnlyForDeploymentPostprocessing = 0;
		};
/* End PBXResourcesBuildPhase section */

/* Begin PBXSourcesBuildPhase section */
		383EC1D31CC4D2690022D612 /* Sources */ = {
			isa = PBXSourcesBuildPhase;
			buildActionMask = 2147483647;
			files = (
				383EC1F61CC4D55A0022D612 /* CustomCellBackground.m in Sources */,
				09545C551CC66C3200A9CB5F /* CustomHeader.m in Sources */,
				383EC1DF1CC4D2690022D612 /* AppDelegate.m in Sources */,
				383EC1F91CC4D75C0022D612 /* Common.m in Sources */,
				383EC1F31CC4D2B80022D612 /* CoolTableViewController.m in Sources */,
				383EC1DC1CC4D2690022D612 /* main.m in Sources */,
			);
			runOnlyForDeploymentPostprocessing = 0;
		};
/* End PBXSourcesBuildPhase section */

/* Begin PBXVariantGroup section */
		383EC1E31CC4D2690022D612 /* Main.storyboard */ = {
			isa = PBXVariantGroup;
			children = (
				383EC1E41CC4D2690022D612 /* Base */,
			);
			name = Main.storyboard;
			sourceTree = "<group>";
		};
		383EC1E81CC4D2690022D612 /* LaunchScreen.storyboard */ = {
			isa = PBXVariantGroup;
			children = (
				383EC1E91CC4D2690022D612 /* Base */,
			);
			name = LaunchScreen.storyboard;
			sourceTree = "<group>";
		};
/* End PBXVariantGroup section */

/* Begin XCBuildConfiguration section */
		383EC1EC1CC4D2690022D612 /* Debug */ = {
			isa = XCBuildConfiguration;
			buildSettings = {
				ALWAYS_SEARCH_USER_PATHS = NO;
				CLANG_ANALYZER_NONNULL = YES;
				CLANG_CXX_LANGUAGE_STANDARD = "gnu++0x";
				CLANG_CXX_LIBRARY = "libc++";
				CLANG_ENABLE_MODULES = YES;
				CLANG_ENABLE_OBJC_ARC = YES;
				CLANG_WARN_BOOL_CONVERSION = YES;
				CLANG_WARN_CONSTANT_CONVERSION = YES;
				CLANG_WARN_DIRECT_OBJC_ISA_USAGE = YES_ERROR;
				CLANG_WARN_EMPTY_BODY = YES;
				CLANG_WARN_ENUM_CONVERSION = YES;
				CLANG_WARN_INT_CONVERSION = YES;
				CLANG_WARN_OBJC_ROOT_CLASS = YES_ERROR;
				CLANG_WARN_UNREACHABLE_CODE = YES;
				CLANG_WARN__DUPLICATE_METHOD_MATCH = YES;
				"CODE_SIGN_IDENTITY[sdk=iphoneos*]" = "iPhone Developer";
				COPY_PHASE_STRIP = NO;
				DEBUG_INFORMATION_FORMAT = dwarf;
				ENABLE_STRICT_OBJC_MSGSEND = YES;
				ENABLE_TESTABILITY = YES;
				GCC_C_LANGUAGE_STANDARD = gnu99;
				GCC_DYNAMIC_NO_PIC = NO;
				GCC_NO_COMMON_BLOCKS = YES;
				GCC_OPTIMIZATION_LEVEL = 0;
				GCC_PREPROCESSOR_DEFINITIONS = (
					"DEBUG=1",
					"$(inherited)",
				);
				GCC_WARN_64_TO_32_BIT_CONVERSION = YES;
				GCC_WARN_ABOUT_RETURN_TYPE = YES_ERROR;
				GCC_WARN_UNDECLARED_SELECTOR = YES;
				GCC_WARN_UNINITIALIZED_AUTOS = YES_AGGRESSIVE;
				GCC_WARN_UNUSED_FUNCTION = YES;
				GCC_WARN_UNUSED_VARIABLE = YES;
				IPHONEOS_DEPLOYMENT_TARGET = 9.3;
				MTL_ENABLE_DEBUG_INFO = YES;
				ONLY_ACTIVE_ARCH = YES;
				SDKROOT = iphoneos;
			};
			name = Debug;
		};
		383EC1ED1CC4D2690022D612 /* Release */ = {
			isa = XCBuildConfiguration;
			buildSettings = {
				ALWAYS_SEARCH_USER_PATHS = NO;
				CLANG_ANALYZER_NONNULL = YES;
				CLANG_CXX_LANGUAGE_STANDARD = "gnu++0x";
				CLANG_CXX_LIBRARY = "libc++";
				CLANG_ENABLE_MODULES = YES;
				CLANG_ENABLE_OBJC_ARC = YES;
				CLANG_WARN_BOOL_CONVERSION = YES;
				CLANG_WARN_CONSTANT_CONVERSION = YES;
				CLANG_WARN_DIRECT_OBJC_ISA_USAGE = YES_ERROR;
				CLANG_WARN_EMPTY_BODY = YES;
				CLANG_WARN_ENUM_CONVERSION = YES;
				CLANG_WARN_INT_CONVERSION = YES;
				CLANG_WARN_OBJC_ROOT_CLASS = YES_ERROR;
				CLANG_WARN_UNREACHABLE_CODE = YES;
				CLANG_WARN__DUPLICATE_METHOD_MATCH = YES;
				"CODE_SIGN_IDENTITY[sdk=iphoneos*]" = "iPhone Developer";
				COPY_PHASE_STRIP = NO;
				DEBUG_INFORMATION_FORMAT = "dwarf-with-dsym";
				ENABLE_NS_ASSERTIONS = NO;
				ENABLE_STRICT_OBJC_MSGSEND = YES;
				GCC_C_LANGUAGE_STANDARD = gnu99;
				GCC_NO_COMMON_BLOCKS = YES;
				GCC_WARN_64_TO_32_BIT_CONVERSION = YES;
				GCC_WARN_ABOUT_RETURN_TYPE = YES_ERROR;
				GCC_WARN_UNDECLARED_SELECTOR = YES;
				GCC_WARN_UNINITIALIZED_AUTOS = YES_AGGRESSIVE;
				GCC_WARN_UNUSED_FUNCTION = YES;
				GCC_WARN_UNUSED_VARIABLE = YES;
				IPHONEOS_DEPLOYMENT_TARGET = 9.3;
				MTL_ENABLE_DEBUG_INFO = NO;
				SDKROOT = iphoneos;
				VALIDATE_PRODUCT = YES;
			};
			name = Release;
		};
		383EC1EF1CC4D2690022D612 /* Debug */ = {
			isa = XCBuildConfiguration;
			buildSettings = {
				ASSETCATALOG_COMPILER_APPICON_NAME = AppIcon;
				INFOPLIST_FILE = CoolTable/Info.plist;
				LD_RUNPATH_SEARCH_PATHS = "$(inherited) @executable_path/Frameworks";
				PRODUCT_BUNDLE_IDENTIFIER = com.anzogame.CoolTable;
				PRODUCT_NAME = "$(TARGET_NAME)";
			};
			name = Debug;
		};
		383EC1F01CC4D2690022D612 /* Release */ = {
			isa = XCBuildConfiguration;
			buildSettings = {
				ASSETCATALOG_COMPILER_APPICON_NAME = AppIcon;
				INFOPLIST_FILE = CoolTable/Info.plist;
				LD_RUNPATH_SEARCH_PATHS = "$(inherited) @executable_path/Frameworks";
				PRODUCT_BUNDLE_IDENTIFIER = com.anzogame.CoolTable;
				PRODUCT_NAME = "$(TARGET_NAME)";
			};
			name = Release;
		};
/* End XCBuildConfiguration section */

/* Begin XCConfigurationList section */
		383EC1D21CC4D2690022D612 /* Build configuration list for PBXProject "CoolTable" */ = {
			isa = XCConfigurationList;
			buildConfigurations = (
				383EC1EC1CC4D2690022D612 /* Debug */,
				383EC1ED1CC4D2690022D612 /* Release */,
			);
			defaultConfigurationIsVisible = 0;
			defaultConfigurationName = Release;
		};
		383EC1EE1CC4D2690022D612 /* Build configuration list for PBXNativeTarget "CoolTable" */ = {
			isa = XCConfigurationList;
			buildConfigurations = (
				383EC1EF1CC4D2690022D612 /* Debug */,
				383EC1F01CC4D2690022D612 /* Release */,
			);
			defaultConfigurationIsVisible = 0;
			defaultConfigurationName = Release;
		};
/* End XCConfigurationList section */
	};
	rootObject = 383EC1CF1CC4D2690022D612 /* Project object */;
}
