// !$*UTF8*$!
{
	archiveVersion = 1;
	classes = {
	};
	objectVersion = 46;
	objects = {

/* Begin PBXBuildFile section */
		0979D5D91DF1C60C00C9A236 /* main.m in Sources */ = {isa = PBXBuildFile; fileRef = 0979D5D81DF1C60C00C9A236 /* main.m */; };
		0979D5DC1DF1C60C00C9A236 /* AppDelegate.m in Sources */ = {isa = PBXBuildFile; fileRef = 0979D5DB1DF1C60C00C9A236 /* AppDelegate.m */; };
		0979D5DF1DF1C60C00C9A236 /* ViewController.m in Sources */ = {isa = PBXBuildFile; fileRef = 0979D5DE1DF1C60C00C9A236 /* ViewController.m */; };
		0979D5E21DF1C60C00C9A236 /* Main.storyboard in Resources */ = {isa = PBXBuildFile; fileRef = 0979D5E01DF1C60C00C9A236 /* Main.storyboard */; };
		0979D5E41DF1C60C00C9A236 /* Assets.xcassets in Resources */ = {isa = PBXBuildFile; fileRef = 0979D5E31DF1C60C00C9A236 /* Assets.xcassets */; };
		0979D5E71DF1C60C00C9A236 /* LaunchScreen.storyboard in Resources */ = {isa = PBXBuildFile; fileRef = 0979D5E51DF1C60C00C9A236 /* LaunchScreen.storyboard */; };
/* End PBXBuildFile section */

/* Begin PBXFileReference section */
		0979D5D41DF1C60C00C9A236 /* AVFoundtionFun.app */ = {isa = PBXFileReference; explicitFileType = wrapper.application; includeInIndex = 0; path = AVFoundtionFun.app; sourceTree = BUILT_PRODUCTS_DIR; };
		0979D5D81DF1C60C00C9A236 /* main.m */ = {isa = PBXFileReference; lastKnownFileType = sourcecode.c.objc; path = main.m; sourceTree = "<group>"; };
		0979D5DA1DF1C60C00C9A236 /* AppDelegate.h */ = {isa = PBXFileReference; lastKnownFileType = sourcecode.c.h; path = AppDelegate.h; sourceTree = "<group>"; };
		0979D5DB1DF1C60C00C9A236 /* AppDelegate.m */ = {isa = PBXFileReference; lastKnownFileType = sourcecode.c.objc; path = AppDelegate.m; sourceTree = "<group>"; };
		0979D5DD1DF1C60C00C9A236 /* ViewController.h */ = {isa = PBXFileReference; lastKnownFileType = sourcecode.c.h; path = ViewController.h; sourceTree = "<group>"; };
		0979D5DE1DF1C60C00C9A236 /* ViewController.m */ = {isa = PBXFileReference; lastKnownFileType = sourcecode.c.objc; path = ViewController.m; sourceTree = "<group>"; };
		0979D5E11DF1C60C00C9A236 /* Base */ = {isa = PBXFileReference; lastKnownFileType = file.storyboard; name = Base; path = Base.lproj/Main.storyboard; sourceTree = "<group>"; };
		0979D5E31DF1C60C00C9A236 /* Assets.xcassets */ = {isa = PBXFileReference; lastKnownFileType = folder.assetcatalog; path = Assets.xcassets; sourceTree = "<group>"; };
		0979D5E61DF1C60C00C9A236 /* Base */ = {isa = PBXFileReference; lastKnownFileType = file.storyboard; name = Base; path = Base.lproj/LaunchScreen.storyboard; sourceTree = "<group>"; };
		0979D5E81DF1C60C00C9A236 /* Info.plist */ = {isa = PBXFileReference; lastKnownFileType = text.plist.xml; path = Info.plist; sourceTree = "<group>"; };
/* End PBXFileReference section */

/* Begin PBXFrameworksBuildPhase section */
		0979D5D11DF1C60C00C9A236 /* Frameworks */ = {
			isa = PBXFrameworksBuildPhase;
			buildActionMask = 2147483647;
			files = (
			);
			runOnlyForDeploymentPostprocessing = 0;
		};
/* End PBXFrameworksBuildPhase section */

/* Begin PBXGroup section */
		0979D5CB1DF1C60C00C9A236 = {
			isa = PBXGroup;
			children = (
				0979D5D61DF1C60C00C9A236 /* AVFoundtionFun */,
				0979D5D51DF1C60C00C9A236 /* Products */,
			);
			sourceTree = "<group>";
		};
		0979D5D51DF1C60C00C9A236 /* Products */ = {
			isa = PBXGroup;
			children = (
				0979D5D41DF1C60C00C9A236 /* AVFoundtionFun.app */,
			);
			name = Products;
			sourceTree = "<group>";
		};
		0979D5D61DF1C60C00C9A236 /* AVFoundtionFun */ = {
			isa = PBXGroup;
			children = (
				0979D5DA1DF1C60C00C9A236 /* AppDelegate.h */,
				0979D5DB1DF1C60C00C9A236 /* AppDelegate.m */,
				0979D5DD1DF1C60C00C9A236 /* ViewController.h */,
				0979D5DE1DF1C60C00C9A236 /* ViewController.m */,
				0979D5E01DF1C60C00C9A236 /* Main.storyboard */,
				0979D5E31DF1C60C00C9A236 /* Assets.xcassets */,
				0979D5E51DF1C60C00C9A236 /* LaunchScreen.storyboard */,
				0979D5E81DF1C60C00C9A236 /* Info.plist */,
				0979D5D71DF1C60C00C9A236 /* Supporting Files */,
			);
			path = AVFoundtionFun;
			sourceTree = "<group>";
		};
		0979D5D71DF1C60C00C9A236 /* Supporting Files */ = {
			isa = PBXGroup;
			children = (
				0979D5D81DF1C60C00C9A236 /* main.m */,
			);
			name = "Supporting Files";
			sourceTree = "<group>";
		};
/* End PBXGroup section */

/* Begin PBXNativeTarget section */
		0979D5D31DF1C60C00C9A236 /* AVFoundtionFun */ = {
			isa = PBXNativeTarget;
			buildConfigurationList = 0979D5EB1DF1C60C00C9A236 /* Build configuration list for PBXNativeTarget "AVFoundtionFun" */;
			buildPhases = (
				0979D5D01DF1C60C00C9A236 /* Sources */,
				0979D5D11DF1C60C00C9A236 /* Frameworks */,
				0979D5D21DF1C60C00C9A236 /* Resources */,
			);
			buildRules = (
			);
			dependencies = (
			);
			name = AVFoundtionFun;
			productName = AVFoundtionFun;
			productReference = 0979D5D41DF1C60C00C9A236 /* AVFoundtionFun.app */;
			productType = "com.apple.product-type.application";
		};
/* End PBXNativeTarget section */

/* Begin PBXProject section */
		0979D5CC1DF1C60C00C9A236 /* Project object */ = {
			isa = PBXProject;
			attributes = {
				LastUpgradeCheck = 0810;
				ORGANIZATIONNAME = libo;
				TargetAttributes = {
					0979D5D31DF1C60C00C9A236 = {
						CreatedOnToolsVersion = 8.1;
						DevelopmentTeam = FY9VNRD73A;
						ProvisioningStyle = Automatic;
					};
				};
			};
			buildConfigurationList = 0979D5CF1DF1C60C00C9A236 /* Build configuration list for PBXProject "AVFoundtionFun" */;
			compatibilityVersion = "Xcode 3.2";
			developmentRegion = English;
			hasScannedForEncodings = 0;
			knownRegions = (
				en,
				Base,
			);
			mainGroup = 0979D5CB1DF1C60C00C9A236;
			productRefGroup = 0979D5D51DF1C60C00C9A236 /* Products */;
			projectDirPath = "";
			projectRoot = "";
			targets = (
				0979D5D31DF1C60C00C9A236 /* AVFoundtionFun */,
			);
		};
/* End PBXProject section */

/* Begin PBXResourcesBuildPhase section */
		0979D5D21DF1C60C00C9A236 /* Resources */ = {
			isa = PBXResourcesBuildPhase;
			buildActionMask = 2147483647;
			files = (
				0979D5E71DF1C60C00C9A236 /* LaunchScreen.storyboard in Resources */,
				0979D5E41DF1C60C00C9A236 /* Assets.xcassets in Resources */,
				0979D5E21DF1C60C00C9A236 /* Main.storyboard in Resources */,
			);
			runOnlyForDeploymentPostprocessing = 0;
		};
/* End PBXResourcesBuildPhase section */

/* Begin PBXSourcesBuildPhase section */
		0979D5D01DF1C60C00C9A236 /* Sources */ = {
			isa = PBXSourcesBuildPhase;
			buildActionMask = 2147483647;
			files = (
				0979D5DF1DF1C60C00C9A236 /* ViewController.m in Sources */,
				0979D5DC1DF1C60C00C9A236 /* AppDelegate.m in Sources */,
				0979D5D91DF1C60C00C9A236 /* main.m in Sources */,
			);
			runOnlyForDeploymentPostprocessing = 0;
		};
/* End PBXSourcesBuildPhase section */

/* Begin PBXVariantGroup section */
		0979D5E01DF1C60C00C9A236 /* Main.storyboard */ = {
			isa = PBXVariantGroup;
			children = (
				0979D5E11DF1C60C00C9A236 /* Base */,
			);
			name = Main.storyboard;
			sourceTree = "<group>";
		};
		0979D5E51DF1C60C00C9A236 /* LaunchScreen.storyboard */ = {
			isa = PBXVariantGroup;
			children = (
				0979D5E61DF1C60C00C9A236 /* Base */,
			);
			name = LaunchScreen.storyboard;
			sourceTree = "<group>";
		};
/* End PBXVariantGroup section */

/* Begin XCBuildConfiguration section */
		0979D5E91DF1C60C00C9A236 /* Debug */ = {
			isa = XCBuildConfiguration;
			buildSettings = {
				ALWAYS_SEARCH_USER_PATHS = NO;
				CLANG_ANALYZER_NONNULL = YES;
				CLANG_CXX_LANGUAGE_STANDARD = "gnu++0x";
				CLANG_CXX_LIBRARY = "libc++";
				CLANG_ENABLE_MODULES = YES;
				CLANG_ENABLE_OBJC_ARC = YES;
				CLANG_WARN_BOOL_CONVERSION = YES;
				CLANG_WARN_CONSTANT_CONVERSION = YES;
				CLANG_WARN_DIRECT_OBJC_ISA_USAGE = YES_ERROR;
				CLANG_WARN_DOCUMENTATION_COMMENTS = YES;
				CLANG_WARN_EMPTY_BODY = YES;
				CLANG_WARN_ENUM_CONVERSION = YES;
				CLANG_WARN_INFINITE_RECURSION = YES;
				CLANG_WARN_INT_CONVERSION = YES;
				CLANG_WARN_OBJC_ROOT_CLASS = YES_ERROR;
				CLANG_WARN_SUSPICIOUS_MOVES = YES;
				CLANG_WARN_UNREACHABLE_CODE = YES;
				CLANG_WARN__DUPLICATE_METHOD_MATCH = YES;
				"CODE_SIGN_IDENTITY[sdk=iphoneos*]" = "iPhone Developer";
				COPY_PHASE_STRIP = NO;
				DEBUG_INFORMATION_FORMAT = dwarf;
				ENABLE_STRICT_OBJC_MSGSEND = YES;
				ENABLE_TESTABILITY = YES;
				GCC_C_LANGUAGE_STANDARD = gnu99;
				GCC_DYNAMIC_NO_PIC = NO;
				GCC_NO_COMMON_BLOCKS = YES;
				GCC_OPTIMIZATION_LEVEL = 0;
				GCC_PREPROCESSOR_DEFINITIONS = (
					"DEBUG=1",
					"$(inherited)",
				);
				GCC_WARN_64_TO_32_BIT_CONVERSION = YES;
				GCC_WARN_ABOUT_RETURN_TYPE = YES_ERROR;
				GCC_WARN_UNDECLARED_SELECTOR = YES;
				GCC_WARN_UNINITIALIZED_AUTOS = YES_AGGRESSIVE;
				GCC_WARN_UNUSED_FUNCTION = YES;
				GCC_WARN_UNUSED_VARIABLE = YES;
				IPHONEOS_DEPLOYMENT_TARGET = 10.1;
				MTL_ENABLE_DEBUG_INFO = YES;
				ONLY_ACTIVE_ARCH = YES;
				SDKROOT = iphoneos;
				TARGETED_DEVICE_FAMILY = "1,2";
			};
			name = Debug;
		};
		0979D5EA1DF1C60C00C9A236 /* Release */ = {
			isa = XCBuildConfiguration;
			buildSettings = {
				ALWAYS_SEARCH_USER_PATHS = NO;
				CLANG_ANALYZER_NONNULL = YES;
				CLANG_CXX_LANGUAGE_STANDARD = "gnu++0x";
				CLANG_CXX_LIBRARY = "libc++";
				CLANG_ENABLE_MODULES = YES;
				CLANG_ENABLE_OBJC_ARC = YES;
				CLANG_WARN_BOOL_CONVERSION = YES;
				CLANG_WARN_CONSTANT_CONVERSION = YES;
				CLANG_WARN_DIRECT_OBJC_ISA_USAGE = YES_ERROR;
				CLANG_WARN_DOCUMENTATION_COMMENTS = YES;
				CLANG_WARN_EMPTY_BODY = YES;
				CLANG_WARN_ENUM_CONVERSION = YES;
				CLANG_WARN_INFINITE_RECURSION = YES;
				CLANG_WARN_INT_CONVERSION = YES;
				CLANG_WARN_OBJC_ROOT_CLASS = YES_ERROR;
				CLANG_WARN_SUSPICIOUS_MOVES = YES;
				CLANG_WARN_UNREACHABLE_CODE = YES;
				CLANG_WARN__DUPLICATE_METHOD_MATCH = YES;
				"CODE_SIGN_IDENTITY[sdk=iphoneos*]" = "iPhone Developer";
				COPY_PHASE_STRIP = NO;
				DEBUG_INFORMATION_FORMAT = "dwarf-with-dsym";
				ENABLE_NS_ASSERTIONS = NO;
				ENABLE_STRICT_OBJC_MSGSEND = YES;
				GCC_C_LANGUAGE_STANDARD = gnu99;
				GCC_NO_COMMON_BLOCKS = YES;
				GCC_WARN_64_TO_32_BIT_CONVERSION = YES;
				GCC_WARN_ABOUT_RETURN_TYPE = YES_ERROR;
				GCC_WARN_UNDECLARED_SELECTOR = YES;
				GCC_WARN_UNINITIALIZED_AUTOS = YES_AGGRESSIVE;
				GCC_WARN_UNUSED_FUNCTION = YES;
				GCC_WARN_UNUSED_VARIABLE = YES;
				IPHONEOS_DEPLOYMENT_TARGET = 10.1;
				MTL_ENABLE_DEBUG_INFO = NO;
				SDKROOT = iphoneos;
				TARGETED_DEVICE_FAMILY = "1,2";
				VALIDATE_PRODUCT = YES;
			};
			name = Release;
		};
		0979D5EC1DF1C60C00C9A236 /* Debug */ = {
			isa = XCBuildConfiguration;
			buildSettings = {
				ASSETCATALOG_COMPILER_APPICON_NAME = AppIcon;
				DEVELOPMENT_TEAM = FY9VNRD73A;
				INFOPLIST_FILE = AVFoundtionFun/Info.plist;
				IPHONEOS_DEPLOYMENT_TARGET = 8.0;
				LD_RUNPATH_SEARCH_PATHS = "$(inherited) @executable_path/Frameworks";
				PRODUCT_BUNDLE_IDENTIFIER = "-210.AVFoundtionFun";
				PRODUCT_NAME = "$(TARGET_NAME)";
			};
			name = Debug;
		};
		0979D5ED1DF1C60C00C9A236 /* Release */ = {
			isa = XCBuildConfiguration;
			buildSettings = {
				ASSETCATALOG_COMPILER_APPICON_NAME = AppIcon;
				DEVELOPMENT_TEAM = FY9VNRD73A;
				INFOPLIST_FILE = AVFoundtionFun/Info.plist;
				IPHONEOS_DEPLOYMENT_TARGET = 8.0;
				LD_RUNPATH_SEARCH_PATHS = "$(inherited) @executable_path/Frameworks";
				PRODUCT_BUNDLE_IDENTIFIER = "-210.AVFoundtionFun";
				PRODUCT_NAME = "$(TARGET_NAME)";
			};
			name = Release;
		};
/* End XCBuildConfiguration section */

/* Begin XCConfigurationList section */
		0979D5CF1DF1C60C00C9A236 /* Build configuration list for PBXProject "AVFoundtionFun" */ = {
			isa = XCConfigurationList;
			buildConfigurations = (
				0979D5E91DF1C60C00C9A236 /* Debug */,
				0979D5EA1DF1C60C00C9A236 /* Release */,
			);
			defaultConfigurationIsVisible = 0;
			defaultConfigurationName = Release;
		};
		0979D5EB1DF1C60C00C9A236 /* Build configuration list for PBXNativeTarget "AVFoundtionFun" */ = {
			isa = XCConfigurationList;
			buildConfigurations = (
				0979D5EC1DF1C60C00C9A236 /* Debug */,
				0979D5ED1DF1C60C00C9A236 /* Release */,
			);
			defaultConfigurationIsVisible = 0;
		};
/* End XCConfigurationList section */
	};
	rootObject = 0979D5CC1DF1C60C00C9A236 /* Project object */;
}
