// !$*UTF8*$!
{
	archiveVersion = 1;
	classes = {
	};
	objectVersion = 46;
	objects = {

/* Begin PBXBuildFile section */
		097A8A4F1CCD145400DF7A70 /* main.m in Sources */ = {isa = PBXBuildFile; fileRef = 097A8A4E1CCD145400DF7A70 /* main.m */; };
		097A8A521CCD145400DF7A70 /* AppDelegate.m in Sources */ = {isa = PBXBuildFile; fileRef = 097A8A511CCD145400DF7A70 /* AppDelegate.m */; };
		097A8A551CCD145400DF7A70 /* ViewController.m in Sources */ = {isa = PBXBuildFile; fileRef = 097A8A541CCD145400DF7A70 /* ViewController.m */; };
		097A8A581CCD145400DF7A70 /* Main.storyboard in Resources */ = {isa = PBXBuildFile; fileRef = 097A8A561CCD145400DF7A70 /* Main.storyboard */; };
		097A8A5A1CCD145400DF7A70 /* Assets.xcassets in Resources */ = {isa = PBXBuildFile; fileRef = 097A8A591CCD145400DF7A70 /* Assets.xcassets */; };
		097A8A5D1CCD145400DF7A70 /* LaunchScreen.storyboard in Resources */ = {isa = PBXBuildFile; fileRef = 097A8A5B1CCD145400DF7A70 /* LaunchScreen.storyboard */; };
		097A8A661CCD14A300DF7A70 /* AffinetransformView.m in Sources */ = {isa = PBXBuildFile; fileRef = 097A8A651CCD14A300DF7A70 /* AffinetransformView.m */; };
/* End PBXBuildFile section */

/* Begin PBXFileReference section */
		097A8A4A1CCD145400DF7A70 /* CGAffinetransformFun.app */ = {isa = PBXFileReference; explicitFileType = wrapper.application; includeInIndex = 0; path = CGAffinetransformFun.app; sourceTree = BUILT_PRODUCTS_DIR; };
		097A8A4E1CCD145400DF7A70 /* main.m */ = {isa = PBXFileReference; lastKnownFileType = sourcecode.c.objc; path = main.m; sourceTree = "<group>"; };
		097A8A501CCD145400DF7A70 /* AppDelegate.h */ = {isa = PBXFileReference; lastKnownFileType = sourcecode.c.h; path = AppDelegate.h; sourceTree = "<group>"; };
		097A8A511CCD145400DF7A70 /* AppDelegate.m */ = {isa = PBXFileReference; lastKnownFileType = sourcecode.c.objc; path = AppDelegate.m; sourceTree = "<group>"; };
		097A8A531CCD145400DF7A70 /* ViewController.h */ = {isa = PBXFileReference; lastKnownFileType = sourcecode.c.h; path = ViewController.h; sourceTree = "<group>"; };
		097A8A541CCD145400DF7A70 /* ViewController.m */ = {isa = PBXFileReference; lastKnownFileType = sourcecode.c.objc; path = ViewController.m; sourceTree = "<group>"; };
		097A8A571CCD145400DF7A70 /* Base */ = {isa = PBXFileReference; lastKnownFileType = file.storyboard; name = Base; path = Base.lproj/Main.storyboard; sourceTree = "<group>"; };
		097A8A591CCD145400DF7A70 /* Assets.xcassets */ = {isa = PBXFileReference; lastKnownFileType = folder.assetcatalog; path = Assets.xcassets; sourceTree = "<group>"; };
		097A8A5C1CCD145400DF7A70 /* Base */ = {isa = PBXFileReference; lastKnownFileType = file.storyboard; name = Base; path = Base.lproj/LaunchScreen.storyboard; sourceTree = "<group>"; };
		097A8A5E1CCD145400DF7A70 /* Info.plist */ = {isa = PBXFileReference; lastKnownFileType = text.plist.xml; path = Info.plist; sourceTree = "<group>"; };
		097A8A641CCD14A300DF7A70 /* AffinetransformView.h */ = {isa = PBXFileReference; fileEncoding = 4; lastKnownFileType = sourcecode.c.h; path = AffinetransformView.h; sourceTree = "<group>"; };
		097A8A651CCD14A300DF7A70 /* AffinetransformView.m */ = {isa = PBXFileReference; fileEncoding = 4; lastKnownFileType = sourcecode.c.objc; path = AffinetransformView.m; sourceTree = "<group>"; };
/* End PBXFileReference section */

/* Begin PBXFrameworksBuildPhase section */
		097A8A471CCD145400DF7A70 /* Frameworks */ = {
			isa = PBXFrameworksBuildPhase;
			buildActionMask = 2147483647;
			files = (
			);
			runOnlyForDeploymentPostprocessing = 0;
		};
/* End PBXFrameworksBuildPhase section */

/* Begin PBXGroup section */
		097A8A411CCD145400DF7A70 = {
			isa = PBXGroup;
			children = (
				097A8A4C1CCD145400DF7A70 /* CGAffinetransformFun */,
				097A8A4B1CCD145400DF7A70 /* Products */,
			);
			sourceTree = "<group>";
		};
		097A8A4B1CCD145400DF7A70 /* Products */ = {
			isa = PBXGroup;
			children = (
				097A8A4A1CCD145400DF7A70 /* CGAffinetransformFun.app */,
			);
			name = Products;
			sourceTree = "<group>";
		};
		097A8A4C1CCD145400DF7A70 /* CGAffinetransformFun */ = {
			isa = PBXGroup;
			children = (
				097A8A501CCD145400DF7A70 /* AppDelegate.h */,
				097A8A511CCD145400DF7A70 /* AppDelegate.m */,
				097A8A531CCD145400DF7A70 /* ViewController.h */,
				097A8A541CCD145400DF7A70 /* ViewController.m */,
				097A8A561CCD145400DF7A70 /* Main.storyboard */,
				097A8A591CCD145400DF7A70 /* Assets.xcassets */,
				097A8A5B1CCD145400DF7A70 /* LaunchScreen.storyboard */,
				097A8A5E1CCD145400DF7A70 /* Info.plist */,
				097A8A4D1CCD145400DF7A70 /* Supporting Files */,
				097A8A641CCD14A300DF7A70 /* AffinetransformView.h */,
				097A8A651CCD14A300DF7A70 /* AffinetransformView.m */,
			);
			path = CGAffinetransformFun;
			sourceTree = "<group>";
		};
		097A8A4D1CCD145400DF7A70 /* Supporting Files */ = {
			isa = PBXGroup;
			children = (
				097A8A4E1CCD145400DF7A70 /* main.m */,
			);
			name = "Supporting Files";
			sourceTree = "<group>";
		};
/* End PBXGroup section */

/* Begin PBXNativeTarget section */
		097A8A491CCD145400DF7A70 /* CGAffinetransformFun */ = {
			isa = PBXNativeTarget;
			buildConfigurationList = 097A8A611CCD145400DF7A70 /* Build configuration list for PBXNativeTarget "CGAffinetransformFun" */;
			buildPhases = (
				097A8A461CCD145400DF7A70 /* Sources */,
				097A8A471CCD145400DF7A70 /* Frameworks */,
				097A8A481CCD145400DF7A70 /* Resources */,
			);
			buildRules = (
			);
			dependencies = (
			);
			name = CGAffinetransformFun;
			productName = CGAffinetransformFun;
			productReference = 097A8A4A1CCD145400DF7A70 /* CGAffinetransformFun.app */;
			productType = "com.apple.product-type.application";
		};
/* End PBXNativeTarget section */

/* Begin PBXProject section */
		097A8A421CCD145400DF7A70 /* Project object */ = {
			isa = PBXProject;
			attributes = {
				LastUpgradeCheck = 0730;
				ORGANIZATIONNAME = libo;
				TargetAttributes = {
					097A8A491CCD145400DF7A70 = {
						CreatedOnToolsVersion = 7.3;
					};
				};
			};
			buildConfigurationList = 097A8A451CCD145400DF7A70 /* Build configuration list for PBXProject "CGAffinetransformFun" */;
			compatibilityVersion = "Xcode 3.2";
			developmentRegion = English;
			hasScannedForEncodings = 0;
			knownRegions = (
				en,
				Base,
			);
			mainGroup = 097A8A411CCD145400DF7A70;
			productRefGroup = 097A8A4B1CCD145400DF7A70 /* Products */;
			projectDirPath = "";
			projectRoot = "";
			targets = (
				097A8A491CCD145400DF7A70 /* CGAffinetransformFun */,
			);
		};
/* End PBXProject section */

/* Begin PBXResourcesBuildPhase section */
		097A8A481CCD145400DF7A70 /* Resources */ = {
			isa = PBXResourcesBuildPhase;
			buildActionMask = 2147483647;
			files = (
				097A8A5D1CCD145400DF7A70 /* LaunchScreen.storyboard in Resources */,
				097A8A5A1CCD145400DF7A70 /* Assets.xcassets in Resources */,
				097A8A581CCD145400DF7A70 /* Main.storyboard in Resources */,
			);
			runOnlyForDeploymentPostprocessing = 0;
		};
/* End PBXResourcesBuildPhase section */

/* Begin PBXSourcesBuildPhase section */
		097A8A461CCD145400DF7A70 /* Sources */ = {
			isa = PBXSourcesBuildPhase;
			buildActionMask = 2147483647;
			files = (
				097A8A661CCD14A300DF7A70 /* AffinetransformView.m in Sources */,
				097A8A551CCD145400DF7A70 /* ViewController.m in Sources */,
				097A8A521CCD145400DF7A70 /* AppDelegate.m in Sources */,
				097A8A4F1CCD145400DF7A70 /* main.m in Sources */,
			);
			runOnlyForDeploymentPostprocessing = 0;
		};
/* End PBXSourcesBuildPhase section */

/* Begin PBXVariantGroup section */
		097A8A561CCD145400DF7A70 /* Main.storyboard */ = {
			isa = PBXVariantGroup;
			children = (
				097A8A571CCD145400DF7A70 /* Base */,
			);
			name = Main.storyboard;
			sourceTree = "<group>";
		};
		097A8A5B1CCD145400DF7A70 /* LaunchScreen.storyboard */ = {
			isa = PBXVariantGroup;
			children = (
				097A8A5C1CCD145400DF7A70 /* Base */,
			);
			name = LaunchScreen.storyboard;
			sourceTree = "<group>";
		};
/* End PBXVariantGroup section */

/* Begin XCBuildConfiguration section */
		097A8A5F1CCD145400DF7A70 /* Debug */ = {
			isa = XCBuildConfiguration;
			buildSettings = {
				ALWAYS_SEARCH_USER_PATHS = NO;
				CLANG_ANALYZER_NONNULL = YES;
				CLANG_CXX_LANGUAGE_STANDARD = "gnu++0x";
				CLANG_CXX_LIBRARY = "libc++";
				CLANG_ENABLE_MODULES = YES;
				CLANG_ENABLE_OBJC_ARC = YES;
				CLANG_WARN_BOOL_CONVERSION = YES;
				CLANG_WARN_CONSTANT_CONVERSION = YES;
				CLANG_WARN_DIRECT_OBJC_ISA_USAGE = YES_ERROR;
				CLANG_WARN_EMPTY_BODY = YES;
				CLANG_WARN_ENUM_CONVERSION = YES;
				CLANG_WARN_INT_CONVERSION = YES;
				CLANG_WARN_OBJC_ROOT_CLASS = YES_ERROR;
				CLANG_WARN_UNREACHABLE_CODE = YES;
				CLANG_WARN__DUPLICATE_METHOD_MATCH = YES;
				"CODE_SIGN_IDENTITY[sdk=iphoneos*]" = "iPhone Developer";
				COPY_PHASE_STRIP = NO;
				DEBUG_INFORMATION_FORMAT = dwarf;
				ENABLE_STRICT_OBJC_MSGSEND = YES;
				ENABLE_TESTABILITY = YES;
				GCC_C_LANGUAGE_STANDARD = gnu99;
				GCC_DYNAMIC_NO_PIC = NO;
				GCC_NO_COMMON_BLOCKS = YES;
				GCC_OPTIMIZATION_LEVEL = 0;
				GCC_PREPROCESSOR_DEFINITIONS = (
					"DEBUG=1",
					"$(inherited)",
				);
				GCC_WARN_64_TO_32_BIT_CONVERSION = YES;
				GCC_WARN_ABOUT_RETURN_TYPE = YES_ERROR;
				GCC_WARN_UNDECLARED_SELECTOR = YES;
				GCC_WARN_UNINITIALIZED_AUTOS = YES_AGGRESSIVE;
				GCC_WARN_UNUSED_FUNCTION = YES;
				GCC_WARN_UNUSED_VARIABLE = YES;
				IPHONEOS_DEPLOYMENT_TARGET = 9.3;
				MTL_ENABLE_DEBUG_INFO = YES;
				ONLY_ACTIVE_ARCH = YES;
				SDKROOT = iphoneos;
				TARGETED_DEVICE_FAMILY = "1,2";
			};
			name = Debug;
		};
		097A8A601CCD145400DF7A70 /* Release */ = {
			isa = XCBuildConfiguration;
			buildSettings = {
				ALWAYS_SEARCH_USER_PATHS = NO;
				CLANG_ANALYZER_NONNULL = YES;
				CLANG_CXX_LANGUAGE_STANDARD = "gnu++0x";
				CLANG_CXX_LIBRARY = "libc++";
				CLANG_ENABLE_MODULES = YES;
				CLANG_ENABLE_OBJC_ARC = YES;
				CLANG_WARN_BOOL_CONVERSION = YES;
				CLANG_WARN_CONSTANT_CONVERSION = YES;
				CLANG_WARN_DIRECT_OBJC_ISA_USAGE = YES_ERROR;
				CLANG_WARN_EMPTY_BODY = YES;
				CLANG_WARN_ENUM_CONVERSION = YES;
				CLANG_WARN_INT_CONVERSION = YES;
				CLANG_WARN_OBJC_ROOT_CLASS = YES_ERROR;
				CLANG_WARN_UNREACHABLE_CODE = YES;
				CLANG_WARN__DUPLICATE_METHOD_MATCH = YES;
				"CODE_SIGN_IDENTITY[sdk=iphoneos*]" = "iPhone Developer";
				COPY_PHASE_STRIP = NO;
				DEBUG_INFORMATION_FORMAT = "dwarf-with-dsym";
				ENABLE_NS_ASSERTIONS = NO;
				ENABLE_STRICT_OBJC_MSGSEND = YES;
				GCC_C_LANGUAGE_STANDARD = gnu99;
				GCC_NO_COMMON_BLOCKS = YES;
				GCC_WARN_64_TO_32_BIT_CONVERSION = YES;
				GCC_WARN_ABOUT_RETURN_TYPE = YES_ERROR;
				GCC_WARN_UNDECLARED_SELECTOR = YES;
				GCC_WARN_UNINITIALIZED_AUTOS = YES_AGGRESSIVE;
				GCC_WARN_UNUSED_FUNCTION = YES;
				GCC_WARN_UNUSED_VARIABLE = YES;
				IPHONEOS_DEPLOYMENT_TARGET = 9.3;
				MTL_ENABLE_DEBUG_INFO = NO;
				SDKROOT = iphoneos;
				TARGETED_DEVICE_FAMILY = "1,2";
				VALIDATE_PRODUCT = YES;
			};
			name = Release;
		};
		097A8A621CCD145400DF7A70 /* Debug */ = {
			isa = XCBuildConfiguration;
			buildSettings = {
				ASSETCATALOG_COMPILER_APPICON_NAME = AppIcon;
				INFOPLIST_FILE = CGAffinetransformFun/Info.plist;
				LD_RUNPATH_SEARCH_PATHS = "$(inherited) @executable_path/Frameworks";
				PRODUCT_BUNDLE_IDENTIFIER = "-210.CGAffinetransformFun";
				PRODUCT_NAME = "$(TARGET_NAME)";
			};
			name = Debug;
		};
		097A8A631CCD145400DF7A70 /* Release */ = {
			isa = XCBuildConfiguration;
			buildSettings = {
				ASSETCATALOG_COMPILER_APPICON_NAME = AppIcon;
				INFOPLIST_FILE = CGAffinetransformFun/Info.plist;
				LD_RUNPATH_SEARCH_PATHS = "$(inherited) @executable_path/Frameworks";
				PRODUCT_BUNDLE_IDENTIFIER = "-210.CGAffinetransformFun";
				PRODUCT_NAME = "$(TARGET_NAME)";
			};
			name = Release;
		};
/* End XCBuildConfiguration section */

/* Begin XCConfigurationList section */
		097A8A451CCD145400DF7A70 /* Build configuration list for PBXProject "CGAffinetransformFun" */ = {
			isa = XCConfigurationList;
			buildConfigurations = (
				097A8A5F1CCD145400DF7A70 /* Debug */,
				097A8A601CCD145400DF7A70 /* Release */,
			);
			defaultConfigurationIsVisible = 0;
			defaultConfigurationName = Release;
		};
		097A8A611CCD145400DF7A70 /* Build configuration list for PBXNativeTarget "CGAffinetransformFun" */ = {
			isa = XCConfigurationList;
			buildConfigurations = (
				097A8A621CCD145400DF7A70 /* Debug */,
				097A8A631CCD145400DF7A70 /* Release */,
			);
			defaultConfigurationIsVisible = 0;
		};
/* End XCConfigurationList section */
	};
	rootObject = 097A8A421CCD145400DF7A70 /* Project object */;
}
